{
  "nodes": {
    "nixpkgs": {
      "locked": {
        "lastModified": 1625375231,
        "narHash": "sha256-dbp2RRftypbAYad/xhDBBG0N7s1WQW+T4jazimvtvRo=",
        "owner": "NixOS",
        "repo": "nixpkgs",
        "rev": "8aff53d3cf23b5eb67c0ba9ba2392d694ade3930",
        "type": "github"
      },
      "original": {
        "id": "nixpkgs",
        "type": "indirect"
      }
    },
    "root": {
      "inputs": {
        "nixpkgs": "nixpkgs"
      }
    }
  },
  "root": "root",
  "version": 7
}
