{
  "nodes": {
    "nixpkgs": {
      "locked": {
        "lastModified": 1622253036,
        "narHash": "sha256-HSVusps0KHjVayUkWvFPiIZe1JKxT+GeDQBzcpw+MFE=",
        "owner": "NixOS",
        "repo": "nixpkgs",
        "rev": "25bca77c48ddb0bacdb46e7398d948a348d06119",
        "type": "github"
      },
      "original": {
        "id": "nixpkgs",
        "type": "indirect"
      }
    },
    "root": {
      "inputs": {
        "nixpkgs": "nixpkgs"
      }
    }
  },
  "root": "root",
  "version": 7
}
