%{
  "absinthe": {:hex, :absinthe, "1.5.5", "22b26228f56dc6a1074c52cea9c64e869a0cb2427403bcf9056c422d36c66292", [:mix], [{:dataloader, "~> 1.0.0", [hex: :dataloader, repo: "hexpm", optional: true]}, {:decimal, "~> 1.0 or ~> 2.0", [hex: :decimal, repo: "hexpm", optional: true]}, {:nimble_parsec, "~> 0.5 or ~> 1.0", [hex: :nimble_parsec, repo: "hexpm", optional: false]}, {:telemetry, "~> 0.4.0", [hex: :telemetry, repo: "hexpm", optional: false]}], "hexpm", "41e79ed4bffbab4986493ff4120c948d59871fd08ad5e31195129ce3c01aad58"},
  "absinthe_client": {:git, "https://github.com/bonfire-networks/absinthe_client.git", "502586f79f6109f61c0d39337887c1e5a3e40919", [branch: "master"]},
  "absinthe_error_payload": {:hex, :absinthe_error_payload, "1.1.3", "304ce86c0a2fae1cef93e3e4103087c3d4693051203dd23673c57f860ab1b492", [:make, :mix], [{:absinthe, "~> 1.3", [hex: :absinthe, repo: "hexpm", optional: false]}, {:ecto, "~> 3.1", [hex: :ecto, repo: "hexpm", optional: false]}], "hexpm", "a845b10566a5e922b6bb2100003a8c9b4634342a6b305bc77cf42701011d962d"},
  "absinthe_plug": {:hex, :absinthe_plug, "1.5.8", "38d230641ba9dca8f72f1fed2dfc8abd53b3907d1996363da32434ab6ee5d6ab", [:mix], [{:absinthe, "~> 1.5", [hex: :absinthe, repo: "hexpm", optional: false]}, {:plug, "~> 1.4", [hex: :plug, repo: "hexpm", optional: false]}], "hexpm", "bbb04176647b735828861e7b2705465e53e2cf54ccf5a73ddd1ebd855f996e5a"},
  "activity_pub": {:git, "https://github.com/bonfire-networks/activity_pub", "d771952ea86c8871226a22d0a5779fd488419f97", [branch: "develop"]},
  "argon2_elixir": {:hex, :argon2_elixir, "2.3.0", "e251bdafd69308e8c1263e111600e6d68bd44f23d2cccbe43fcb1a417a76bc8e", [:make, :mix], [{:comeonin, "~> 5.3", [hex: :comeonin, repo: "hexpm", optional: false]}, {:elixir_make, "~> 0.6", [hex: :elixir_make, repo: "hexpm", optional: false]}], "hexpm", "28ccb63bff213aecec1f7f3dde9648418b031f822499973281d8f494b9d5a3b3"},
  "bamboo": {:hex, :bamboo, "1.7.1", "7f0946e8c9081ce10d347cdba33c247c7c1c4f7dddc194ab0633603ef879bbdf", [:mix], [{:hackney, ">= 1.15.2", [hex: :hackney, repo: "hexpm", optional: false]}, {:jason, "~> 1.0", [hex: :jason, repo: "hexpm", optional: true]}, {:mime, "~> 1.4", [hex: :mime, repo: "hexpm", optional: false]}, {:phoenix, "~> 1.1", [hex: :phoenix, repo: "hexpm", optional: true]}, {:plug, "~> 1.0", [hex: :plug, repo: "hexpm", optional: false]}], "hexpm", "5fb34c3ab638fc409deec47c1e91f9d78ad95bf22ccb153588b434e1ff1aa730"},
  "bamboo_smtp": {:hex, :bamboo_smtp, "3.0.0", "b7f0c371af96a1cb7131908918b02abb228f9db234910bf10cf4fb177c083259", [:mix], [{:bamboo, "~> 1.2", [hex: :bamboo, repo: "hexpm", optional: false]}, {:gen_smtp, "~> 0.15.0", [hex: :gen_smtp, repo: "hexpm", optional: false]}], "hexpm", "77cb1fa3076b24109e54df622161fe1e5619376b4ecf86d8b99b46f327acc49f"},
  "bonfire_api_graphql": {:git, "https://github.com/bonfire-networks/bonfire_api_graphql", "cb04c2c01b0c6523fa0239d013ffbabb428608f2", [branch: "main"]},
  "bonfire_boundaries": {:git, "https://github.com/bonfire-networks/bonfire_boundaries", "bc21cd3eb75b0947441d6460b2bee9439a91ad98", [branch: "main"]},
  "bonfire_breadpub": {:git, "https://github.com/bonfire-networks/bonfire_breadpub", "e3e53c822f4be30a09747bb88dbbc61332c474e2", [branch: "main"]},
  "bonfire_classify": {:git, "https://github.com/bonfire-networks/bonfire_classify", "76f80c764135386068a870023d5b9cfed6cde315", [branch: "main"]},
  "bonfire_common": {:git, "https://github.com/bonfire-networks/bonfire_common", "c2331a6ba23d24f8a105b66679e22a62bb9e4c6c", [branch: "main"]},
  "bonfire_data_access_control": {:git, "https://github.com/bonfire-networks/bonfire_data_access_control", "beb3ff8562951bf2732182db33fb56c7f534aef6", [branch: "main"]},
  "bonfire_data_activity_pub": {:git, "https://github.com/bonfire-networks/bonfire_data_activity_pub", "9ef039559ce6860e8135027b756a7cf23539a6f1", [branch: "main"]},
  "bonfire_data_identity": {:git, "https://github.com/bonfire-networks/bonfire_data_identity", "d56e6e66cb834c157f4bb308abc61aad134ff5c9", [branch: "main"]},
  "bonfire_data_shared_user": {:git, "https://github.com/bonfire-networks/bonfire_data_shared_user", "1b1bcd36b2a2238fbc8bce64a61cba60fe3949a7", [branch: "main"]},
  "bonfire_data_social": {:git, "https://github.com/bonfire-networks/bonfire_data_social", "a36af53fe7b48a4791c74b5169a2920bc92b1c35", [branch: "main"]},
  "bonfire_fail": {:git, "https://github.com/bonfire-networks/bonfire_fail", "454f676fb82f7c0453bc839ce012a078c8d9149e", [branch: "main"]},
  "bonfire_federate_activitypub": {:git, "https://github.com/bonfire-networks/bonfire_federate_activitypub", "e5082355f9cd89f827f32ceacbe2c2ca9dfd1989", [branch: "main"]},
  "bonfire_files": {:git, "https://github.com/bonfire-networks/bonfire_files", "5fa99916444b77eb710f82bb06f88682c4fec5d1", [branch: "main"]},
  "bonfire_geolocate": {:git, "https://github.com/bonfire-networks/bonfire_geolocate", "165efa05adb06269d28ea1e6f7bd14be7a9dbe66", [branch: "main"]},
  "bonfire_mailer": {:git, "https://github.com/bonfire-networks/bonfire_mailer", "d7a4a41b76c8d64b7bc7d1add7013ae63ee475fb", [branch: "main"]},
  "bonfire_me": {:git, "https://github.com/bonfire-networks/bonfire_me", "a6caa92db76caf8df6746edddc7894f87103d20d", [branch: "main"]},
  "bonfire_quantify": {:git, "https://github.com/bonfire-networks/bonfire_quantify", "5793a49bcf42017569f591f56d440232429c65b6", [branch: "main"]},
  "bonfire_search": {:git, "https://github.com/bonfire-networks/bonfire_search", "ac63e7df326e7be50b1e6ec24e2c605030d1a24e", [branch: "main"]},
  "bonfire_social": {:git, "https://github.com/bonfire-networks/bonfire_social", "4a1529eea497462c076e2401a2ff490ca102f6b0", [branch: "main"]},
  "bonfire_tag": {:git, "https://github.com/bonfire-networks/bonfire_tag", "f9b678a02f0845463b71ea3625505a9031213071", [branch: "main"]},
  "bonfire_ui_coordination": {:git, "https://github.com/bonfire-networks/bonfire_ui_coordination", "8a062afb45d171a5a22bed8e15b00f457943d89a", [branch: "main"]},
  "bonfire_ui_reflow": {:git, "https://github.com/bonfire-networks/bonfire_ui_reflow", "53680fd2e32315e192f2184c908fcc9e238ffbc5", [branch: "main"]},
  "bonfire_ui_social": {:git, "https://github.com/bonfire-networks/bonfire_ui_social", "e883ff44963098355cf66622d17288bceb921d94", [branch: "main"]},
  "bonfire_ui_valueflows": {:git, "https://github.com/bonfire-networks/bonfire_ui_valueflows", "0021c037093491684dcbae8a8d5178ebf2f3e269", [branch: "main"]},
  "bonfire_valueflows": {:git, "https://github.com/bonfire-networks/bonfire_valueflows", "17b3a10873d9d3d50b7bd1fb0557c7ce4d06dea4", [branch: "main"]},
  "bonfire_valueflows_observe": {:git, "https://github.com/bonfire-networks/bonfire_valueflows_observe", "a5d091f91226e79f1bc8fb628cff48ccc45c7b51", []},
  "bonfire_website": {:git, "https://github.com/bonfire-networks/bonfire_website", "0f9d5ceccc210faa13238e7c21cf618695d488d3", [branch: "main"]},
  "cachex": {:hex, :cachex, "3.3.0", "6f2ebb8f27491fe39121bd207c78badc499214d76c695658b19d6079beeca5c2", [:mix], [{:eternal, "~> 1.2", [hex: :eternal, repo: "hexpm", optional: false]}, {:jumper, "~> 1.0", [hex: :jumper, repo: "hexpm", optional: false]}, {:sleeplocks, "~> 1.1", [hex: :sleeplocks, repo: "hexpm", optional: false]}, {:unsafe, "~> 1.0", [hex: :unsafe, repo: "hexpm", optional: false]}], "hexpm", "d90e5ee1dde14cef33f6b187af4335b88748b72b30c038969176cd4e6ccc31a1"},
  "certifi": {:hex, :certifi, "2.6.1", "dbab8e5e155a0763eea978c913ca280a6b544bfa115633fa20249c3d396d9493", [:rebar3], [], "hexpm", "524c97b4991b3849dd5c17a631223896272c6b0af446778ba4675a1dff53bb7e"},
  "combine": {:hex, :combine, "0.10.0", "eff8224eeb56498a2af13011d142c5e7997a80c8f5b97c499f84c841032e429f", [:mix], [], "hexpm", "1b1dbc1790073076580d0d1d64e42eae2366583e7aecd455d1215b0d16f2451b"},
  "comeonin": {:hex, :comeonin, "5.3.2", "5c2f893d05c56ae3f5e24c1b983c2d5dfb88c6d979c9287a76a7feb1e1d8d646", [:mix], [], "hexpm", "d0993402844c49539aeadb3fe46a3c9bd190f1ecf86b6f9ebd71957534c95f04"},
  "connection": {:hex, :connection, "1.1.0", "ff2a49c4b75b6fb3e674bfc5536451607270aac754ffd1bdfe175abe4a6d7a68", [:mix], [], "hexpm", "722c1eb0a418fbe91ba7bd59a47e28008a189d47e37e0e7bb85585a016b2869c"},
  "cowboy": {:hex, :cowboy, "2.8.0", "f3dc62e35797ecd9ac1b50db74611193c29815401e53bac9a5c0577bd7bc667d", [:rebar3], [{:cowlib, "~> 2.9.1", [hex: :cowlib, repo: "hexpm", optional: false]}, {:ranch, "~> 1.7.1", [hex: :ranch, repo: "hexpm", optional: false]}], "hexpm", "4643e4fba74ac96d4d152c75803de6fad0b3fa5df354c71afdd6cbeeb15fac8a"},
  "cowboy_telemetry": {:hex, :cowboy_telemetry, "0.3.1", "ebd1a1d7aff97f27c66654e78ece187abdc646992714164380d8a041eda16754", [:rebar3], [{:cowboy, "~> 2.7", [hex: :cowboy, repo: "hexpm", optional: false]}, {:telemetry, "~> 0.4", [hex: :telemetry, repo: "hexpm", optional: false]}], "hexpm", "3a6efd3366130eab84ca372cbd4a7d3c3a97bdfcfb4911233b035d117063f0af"},
  "cowlib": {:hex, :cowlib, "2.9.1", "61a6c7c50cf07fdd24b2f45b89500bb93b6686579b069a89f88cb211e1125c78", [:rebar3], [], "hexpm", "e4175dc240a70d996156160891e1c62238ede1729e45740bdd38064dad476170"},
  "db_connection": {:hex, :db_connection, "2.4.0", "d04b1b73795dae60cead94189f1b8a51cc9e1f911c234cc23074017c43c031e5", [:mix], [{:connection, "~> 1.0", [hex: :connection, repo: "hexpm", optional: false]}, {:telemetry, "~> 0.4 or ~> 1.0", [hex: :telemetry, repo: "hexpm", optional: false]}], "hexpm", "ad416c21ad9f61b3103d254a71b63696ecadb6a917b36f563921e0de00d7d7c8"},
  "decimal": {:hex, :decimal, "2.0.0", "a78296e617b0f5dd4c6caf57c714431347912ffb1d0842e998e9792b5642d697", [:mix], [], "hexpm", "34666e9c55dea81013e77d9d87370fe6cb6291d1ef32f46a1600230b1d44f577"},
  "earmark": {:hex, :earmark, "1.4.15", "2c7f924bf495ec1f65bd144b355d0949a05a254d0ec561740308a54946a67888", [:mix], [{:earmark_parser, ">= 1.4.13", [hex: :earmark_parser, repo: "hexpm", optional: false]}], "hexpm", "3b1209b85bc9f3586f370f7c363f6533788fb4e51db23aa79565875e7f9999ee"},
  "earmark_parser": {:hex, :earmark_parser, "1.4.13", "0c98163e7d04a15feb62000e1a891489feb29f3d10cb57d4f845c405852bbef8", [:mix], [], "hexpm", "d602c26af3a0af43d2f2645613f65841657ad6efc9f0e361c3b6c06b578214ba"},
  "ecto": {:hex, :ecto, "3.6.1", "7bb317e3fd0179ad725069fd0fe8a28ebe48fec6282e964ea502e4deccb0bd0f", [:mix], [{:decimal, "~> 1.6 or ~> 2.0", [hex: :decimal, repo: "hexpm", optional: false]}, {:jason, "~> 1.0", [hex: :jason, repo: "hexpm", optional: true]}, {:telemetry, "~> 0.4", [hex: :telemetry, repo: "hexpm", optional: false]}], "hexpm", "cbb3294a990447b19f0725488a749f8cf806374e0d9d0dffc45d61e7aeaf6553"},
  "ecto_materialized_path": {:git, "https://github.com/mayel/ecto_materialized_path", "91bccdaa93db0b16df929807ee4930ba9a92b61e", []},
  "ecto_sql": {:hex, :ecto_sql, "3.6.1", "8774dc3fc0ff7b6be510858b99883640f990c0736b8ab54588f9a0c91807f909", [:mix], [{:db_connection, "~> 2.2", [hex: :db_connection, repo: "hexpm", optional: false]}, {:ecto, "~> 3.6.0", [hex: :ecto, repo: "hexpm", optional: false]}, {:myxql, "~> 0.4.0 or ~> 0.5.0", [hex: :myxql, repo: "hexpm", optional: true]}, {:postgrex, "~> 0.15.0 or ~> 1.0", [hex: :postgrex, repo: "hexpm", optional: true]}, {:tds, "~> 2.1.1", [hex: :tds, repo: "hexpm", optional: true]}, {:telemetry, "~> 0.4.0", [hex: :telemetry, repo: "hexpm", optional: false]}], "hexpm", "66f35c3f2d5978b6bffebd1e6351ab8c9d6b68650d62abd1ab8d149de40e0779"},
  "elixir_make": {:hex, :elixir_make, "0.6.2", "7dffacd77dec4c37b39af867cedaabb0b59f6a871f89722c25b28fcd4bd70530", [:mix], [], "hexpm", "03e49eadda22526a7e5279d53321d1cced6552f344ba4e03e619063de75348d9"},
  "email_checker": {:hex, :email_checker, "0.1.4", "6c9914039277da0810107e229ffc28c09b09af7663bfa1f85268fdb4ddc8f174", [:mix], [{:socket, "~> 0.3.1", [hex: :socket, repo: "hexpm", optional: false]}], "hexpm", "5f35d5d4ee3c8a789e92c4dd7916e1c1744c4ceb9a9661ae1b17a7a71fe9e5aa"},
  "eternal": {:hex, :eternal, "1.2.2", "d1641c86368de99375b98d183042dd6c2b234262b8d08dfd72b9eeaafc2a1abd", [:mix], [], "hexpm", "2c9fe32b9c3726703ba5e1d43a1d255a4f3f2d8f8f9bc19f094c7cb1a7a9e782"},
  "ex_machina": {:hex, :ex_machina, "2.7.0", "b792cc3127fd0680fecdb6299235b4727a4944a09ff0fa904cc639272cd92dc7", [:mix], [{:ecto, "~> 2.2 or ~> 3.0", [hex: :ecto, repo: "hexpm", optional: true]}, {:ecto_sql, "~> 3.0", [hex: :ecto_sql, repo: "hexpm", optional: true]}], "hexpm", "419aa7a39bde11894c87a615c4ecaa52d8f107bbdd81d810465186f783245bf8"},
  "ex_maybe": {:hex, :ex_maybe, "1.1.1", "95c0188191b43bd278e876ae4f0a688922e3ca016a9efd97ee7a0b741a61b899", [:mix], [], "hexpm", "1af8c78c915c7f119a513b300a1702fc5cc9fed42d54fd85995265e4c4b763d2"},
  "exsync": {:hex, :exsync, "0.2.4", "5cdc824553e0f4c4bf60018a9a6bbd5d3b51f93ef8401a0d8545f93127281d03", [:mix], [{:file_system, "~> 0.2", [hex: :file_system, repo: "hexpm", optional: false]}], "hexpm", "f7622d8bb98abbe473aa066ae46f91afdf7a5346b8b89728404f7189d2e80896"},
  "faker": {:hex, :faker, "0.16.0", "1e2cf3e8d60d44a30741fb98118fcac18b2020379c7e00d18f1a005841b2f647", [:mix], [], "hexpm", "fbcb9bf1299dff3c9dd7e50f41802bbc472ffbb84e7656394c8aa913ec315141"},
  "file_system": {:hex, :file_system, "0.2.10", "fb082005a9cd1711c05b5248710f8826b02d7d1784e7c3451f9c1231d4fc162d", [:mix], [], "hexpm", "41195edbfb562a593726eda3b3e8b103a309b733ad25f3d642ba49696bf715dc"},
  "flexto": {:git, "https://github.com/bonfire-networks/flexto", "bab414da173607b9b9b2dfe81c62c08d20020771", [branch: "support-through"]},
  "floki": {:hex, :floki, "0.30.1", "75d35526d3a1459920b6e87fdbc2e0b8a3670f965dd0903708d2b267e0904c55", [:mix], [{:html_entities, "~> 0.5.0", [hex: :html_entities, repo: "hexpm", optional: false]}], "hexpm", "e9c03524447d1c4cbfccd672d739b8c18453eee377846b119d4fd71b1a176bb8"},
  "gen_smtp": {:hex, :gen_smtp, "0.15.0", "9f51960c17769b26833b50df0b96123605a8024738b62db747fece14eb2fbfcc", [:rebar3], [], "hexpm", "29bd14a88030980849c7ed2447b8db6d6c9278a28b11a44cafe41b791205440f"},
  "geo": {:hex, :geo, "3.4.2", "834f106e4ba072f5917920bd7ece42cfe1caa03c7fb278f85ea5d0905c8dc153", [:mix], [{:jason, "~> 1.2", [hex: :jason, repo: "hexpm", optional: true]}], "hexpm", "0a9fdad0d5197678cbac85e1dac674528bd90fa923398679a174b541cdf0ec68"},
  "geo_postgis": {:hex, :geo_postgis, "3.4.0", "67815cc9b3db12e378e7a96d0f77d3bc2188534aba4d2c2229e3ebf8370f9d52", [:mix], [{:geo, "~> 3.4", [hex: :geo, repo: "hexpm", optional: false]}, {:jason, "~> 1.2", [hex: :jason, repo: "hexpm", optional: true]}, {:poison, "~> 2.2 or ~> 3.0 or ~> 4.0", [hex: :poison, repo: "hexpm", optional: true]}, {:postgrex, ">= 0.0.0", [hex: :postgrex, repo: "hexpm", optional: false]}], "hexpm", "23563946ef6e5c747380e6a7a0493b0a631e91d0452314ee7e33354f4fdf5230"},
  "geocoder": {:hex, :geocoder, "1.1.1", "4879daa9919855e357272c98460ede6ff6f784f8f6e6b6a88c8b938ad6914b56", [:mix], [{:geohash, "~> 1.2", [hex: :geohash, repo: "hexpm", optional: false]}, {:httpoison, "~> 1.5", [hex: :httpoison, repo: "hexpm", optional: false]}, {:jason, "~> 1.2", [hex: :jason, repo: "hexpm", optional: false]}, {:poolboy, "~> 1.5", [hex: :poolboy, repo: "hexpm", optional: false]}, {:towel, "~> 0.2", [hex: :towel, repo: "hexpm", optional: false]}], "hexpm", "25fbbb93b93a338e885675964ff228272132c89da2008b02cc5de26520f394c6"},
  "geohash": {:hex, :geohash, "1.2.1", "586d0e0bf961cf279eadbefc4e664719568eee7eb8d502eb2bfd765b60916427", [:mix], [], "hexpm", "f47e872f00096f63abbd5a3db9e3776b92f5bbddf6001a317ebc1162849a059b"},
  "gettext": {:hex, :gettext, "0.18.2", "7df3ea191bb56c0309c00a783334b288d08a879f53a7014341284635850a6e55", [:mix], [], "hexpm", "f9f537b13d4fdd30f3039d33cb80144c3aa1f8d9698e47d7bcbcc8df93b1f5c5"},
  "git_diff": {:hex, :git_diff, "0.6.3", "26fe7799c923fd4ef082efaa4b6725b47a556aa98fddc7b5017509fb4132f963", [:mix], [], "hexpm", "c5d47a956828a916b140d6d6a7f6e26e49d5f243cb5d942452a6a0e73ce2c5c4"},
  "grumble": {:hex, :grumble, "0.1.3", "292603ec5f8ff3f1b364800dd8a060fa30b796bd2cdc9a230ce6a69c00c3226b", [:mix], [{:recase, "~> 0.5", [hex: :recase, repo: "hexpm", optional: false]}], "hexpm", "a7a089e5a145e072d0227012002970e85eeb52031f0d01be14c129f649283d0c"},
  "hackney": {:hex, :hackney, "1.17.4", "99da4674592504d3fb0cfef0db84c3ba02b4508bae2dff8c0108baa0d6e0977c", [:rebar3], [{:certifi, "~>2.6.1", [hex: :certifi, repo: "hexpm", optional: false]}, {:idna, "~>6.1.0", [hex: :idna, repo: "hexpm", optional: false]}, {:metrics, "~>1.0.0", [hex: :metrics, repo: "hexpm", optional: false]}, {:mimerl, "~>1.1", [hex: :mimerl, repo: "hexpm", optional: false]}, {:parse_trans, "3.3.1", [hex: :parse_trans, repo: "hexpm", optional: false]}, {:ssl_verify_fun, "~>1.1.0", [hex: :ssl_verify_fun, repo: "hexpm", optional: false]}, {:unicode_util_compat, "~>0.7.0", [hex: :unicode_util_compat, repo: "hexpm", optional: false]}], "hexpm", "de16ff4996556c8548d512f4dbe22dd58a587bf3332e7fd362430a7ef3986b16"},
  "html_entities": {:hex, :html_entities, "0.5.2", "9e47e70598da7de2a9ff6af8758399251db6dbb7eebe2b013f2bbd2515895c3c", [:mix], [], "hexpm", "c53ba390403485615623b9531e97696f076ed415e8d8058b1dbaa28181f4fdcc"},
  "http_signatures": {:git, "https://git.pleroma.social/pleroma/http_signatures.git", "293d77bb6f4a67ac8bde1428735c3b42f22cbb30", [ref: "293d77bb6f4a67ac8bde1428735c3b42f22cbb30"]},
  "httpoison": {:hex, :httpoison, "1.8.0", "6b85dea15820b7804ef607ff78406ab449dd78bed923a49c7160e1886e987a3d", [:mix], [{:hackney, "~> 1.17", [hex: :hackney, repo: "hexpm", optional: false]}], "hexpm", "28089eaa98cf90c66265b6b5ad87c59a3729bea2e74e9d08f9b51eb9729b3c3a"},
  "idna": {:hex, :idna, "6.1.1", "8a63070e9f7d0c62eb9d9fcb360a7de382448200fbbd1b106cc96d3d8099df8d", [:rebar3], [{:unicode_util_compat, "~>0.7.0", [hex: :unicode_util_compat, repo: "hexpm", optional: false]}], "hexpm", "92376eb7894412ed19ac475e4a86f7b413c1b9fbb5bd16dccd57934157944cea"},
  "inflex": {:hex, :inflex, "2.0.0", "db69d542b8fdb23ac667f9bc0c2395a3983fa2da6ae2efa7ab5dc541928f7a75", [:mix], [], "hexpm", "c018852409bd48b03ad96ed53594186bc074bdd1519043a0ad1fa5697aac4399"},
  "jason": {:hex, :jason, "1.2.2", "ba43e3f2709fd1aa1dce90aaabfd039d000469c05c56f0b8e31978e03fa39052", [:mix], [{:decimal, "~> 1.0 or ~> 2.0", [hex: :decimal, repo: "hexpm", optional: true]}], "hexpm", "18a228f5f0058ee183f29f9eae0805c6e59d61c3b006760668d8d18ff0d12179"},
  "jumper": {:hex, :jumper, "1.0.1", "3c00542ef1a83532b72269fab9f0f0c82bf23a35e27d278bfd9ed0865cecabff", [:mix], [], "hexpm", "318c59078ac220e966d27af3646026db9b5a5e6703cb2aa3e26bcfaba65b7433"},
  "licensir": {:git, "https://github.com/mayel/licensir", "f52731cdadbacce30a0a6928ef80d599b612d251", [branch: "pr"]},
  "linkify": {:git, "https://github.com/bonfire-networks/linkify", "76a4026f73a4593e0ec664d99220bb4e5dea6e34", [branch: "master"]},
  "makeup": {:hex, :makeup, "1.0.5", "d5a830bc42c9800ce07dd97fa94669dfb93d3bf5fcf6ea7a0c67b2e0e4a7f26c", [:mix], [{:nimble_parsec, "~> 0.5 or ~> 1.0", [hex: :nimble_parsec, repo: "hexpm", optional: false]}], "hexpm", "cfa158c02d3f5c0c665d0af11512fed3fba0144cf1aadee0f2ce17747fba2ca9"},
  "makeup_elixir": {:hex, :makeup_elixir, "0.15.1", "b5888c880d17d1cc3e598f05cdb5b5a91b7b17ac4eaf5f297cb697663a1094dd", [:mix], [{:makeup, "~> 1.0", [hex: :makeup, repo: "hexpm", optional: false]}, {:nimble_parsec, "~> 1.1", [hex: :nimble_parsec, repo: "hexpm", optional: false]}], "hexpm", "db68c173234b07ab2a07f645a5acdc117b9f99d69ebf521821d89690ae6c6ec8"},
  "mappable": {:hex, :mappable, "0.2.4", "3038564db78bbde442100d9252aac484be746612bc74b333fbeaeffec8087efa", [:mix], [], "hexpm", "188d9291ca5eec10af61420b6738ef69244b7d7ec6dc98f7f4aa7a4e21f1a8b5"},
  "matrix_reloaded": {:hex, :matrix_reloaded, "2.2.1", "9786e97c20535e902dbe586b704ede6c00a6854609715fb161645df9cd99ca55", [:mix], [{:ex_maybe, "~> 1.0", [hex: :ex_maybe, repo: "hexpm", optional: false]}, {:result, "~> 1.3.0", [hex: :result, repo: "hexpm", optional: false]}], "hexpm", "d5e3c9b6dfb6b1f5c35439674177f421a8eec9a1ac5d40f2d1115c5cbb116fc3"},
  "meck": {:hex, :meck, "0.8.13", "ffedb39f99b0b99703b8601c6f17c7f76313ee12de6b646e671e3188401f7866", [:rebar3], [], "hexpm", "d34f013c156db51ad57cc556891b9720e6a1c1df5fe2e15af999c84d6cebeb1a"},
  "metrics": {:hex, :metrics, "1.0.1", "25f094dea2cda98213cecc3aeff09e940299d950904393b2a29d191c346a8486", [:rebar3], [], "hexpm", "69b09adddc4f74a40716ae54d140f93beb0fb8978d8636eaded0c31b6f099f16"},
  "mime": {:hex, :mime, "1.6.0", "dabde576a497cef4bbdd60aceee8160e02a6c89250d6c0b29e56c0dfb00db3d2", [:mix], [], "hexpm", "31a1a8613f8321143dde1dafc36006a17d28d02bdfecb9e95a880fa7aabd19a7"},
  "mimerl": {:hex, :mimerl, "1.2.0", "67e2d3f571088d5cfd3e550c383094b47159f3eee8ffa08e64106cdf5e981be3", [:rebar3], [], "hexpm", "f278585650aa581986264638ebf698f8bb19df297f66ad91b18910dfc6e19323"},
  "mock": {:hex, :mock, "0.3.6", "e810a91fabc7adf63ab5fdbec5d9d3b492413b8cda5131a2a8aa34b4185eb9b4", [:mix], [{:meck, "~> 0.8.13", [hex: :meck, repo: "hexpm", optional: false]}], "hexpm", "bcf1d0a6826fb5aee01bae3d74474669a3fa8b2df274d094af54a25266a1ebd2"},
  "neuron": {:hex, :neuron, "5.0.0", "64c6b14138e4f6e61a55abb0bb95659aa193145ed9baf80b4e760d4c189f6c6f", [:mix], [{:httpoison, "~> 1.0", [hex: :httpoison, repo: "hexpm", optional: false]}, {:jason, "~> 1.1", [hex: :jason, repo: "hexpm", optional: true]}], "hexpm", "7597308e22e34f77acaadbae3da63974edc9e4041ef7f7154d45ce80c0e33d00"},
  "nimble_parsec": {:hex, :nimble_parsec, "1.1.0", "3a6fca1550363552e54c216debb6a9e95bd8d32348938e13de5eda962c0d7f89", [:mix], [], "hexpm", "08eb32d66b706e913ff748f11694b17981c0b04a33ef470e33e11b3d3ac8f54b"},
  "nodeinfo": {:git, "https://github.com/bonfire-networks/nodeinfo", "0e9832a28fdf3f0aff46619b14d68221582efce6", [branch: "main"]},
  "oban": {:hex, :oban, "2.0.0", "e6ce70d94dd46815ec0882a1ffb7356df9a9d5b8a40a64ce5c2536617a447379", [:mix], [{:ecto_sql, ">= 3.4.3", [hex: :ecto_sql, repo: "hexpm", optional: false]}, {:jason, "~> 1.1", [hex: :jason, repo: "hexpm", optional: false]}, {:postgrex, "~> 0.14", [hex: :postgrex, repo: "hexpm", optional: false]}, {:telemetry, "~> 0.4", [hex: :telemetry, repo: "hexpm", optional: false]}], "hexpm", "cf574813bd048b98a698aa587c21367d2e06842d4e1b1993dcd6a696e9e633bd"},
  "ok": {:hex, :ok, "2.3.0", "0a3d513ec9038504dc5359d44e14fc14ef59179e625563a1a144199cdc3a6d30", [:mix], [], "hexpm", "f0347b3f8f115bf347c704184b33cf084f2943771273f2b98a3707a5fa43c4d5"},
  "paginator": {:hex, :paginator, "1.0.4", "471e8e59e7a08541c5b7d2ea7166308c8e05ceb412fb444f3bdf320f5d793260", [:mix], [{:ecto, "~> 3.0", [hex: :ecto, repo: "hexpm", optional: false]}, {:ecto_sql, "~> 3.0", [hex: :ecto_sql, repo: "hexpm", optional: false]}, {:plug_crypto, "~> 1.2.0", [hex: :plug_crypto, repo: "hexpm", optional: false]}, {:postgrex, "~> 0.13", [hex: :postgrex, repo: "hexpm", optional: true]}], "hexpm", "9d79d21c0192d8d1fc562e5c99b5ebf7e0bb443c671e256b41fd709170730b91"},
  "parse_trans": {:hex, :parse_trans, "3.3.1", "16328ab840cc09919bd10dab29e431da3af9e9e7e7e6f0089dd5a2d2820011d8", [:rebar3], [], "hexpm", "07cd9577885f56362d414e8c4c4e6bdf10d43a8767abb92d24cbe8b24c54888b"},
  "pbkdf2_elixir": {:hex, :pbkdf2_elixir, "1.2.1", "9cbe354b58121075bd20eb83076900a3832324b7dd171a6895fab57b6bb2752c", [:mix], [{:comeonin, "~> 5.3", [hex: :comeonin, repo: "hexpm", optional: false]}], "hexpm", "d3b40a4a4630f0b442f19eca891fcfeeee4c40871936fed2f68e1c4faa30481f"},
  "phil_columns": {:hex, :phil_columns, "3.1.0", "6f517729418019d58f57b405906f9afd9d2d790922d74cb990a81eb50d986a07", [:mix], [{:ecto_sql, "~> 3.0", [hex: :ecto_sql, repo: "hexpm", optional: false]}, {:inflex, "~> 2.0", [hex: :inflex, repo: "hexpm", optional: false]}], "hexpm", "0aa35fa366c4815474f9dd5d2d8edbf71beef0d19f0392bd40184f9edf040768"},
  "phoenix": {:hex, :phoenix, "1.5.8", "71cfa7a9bb9a37af4df98939790642f210e35f696b935ca6d9d9c55a884621a4", [:mix], [{:jason, "~> 1.0", [hex: :jason, repo: "hexpm", optional: true]}, {:phoenix_html, "~> 2.13", [hex: :phoenix_html, repo: "hexpm", optional: true]}, {:phoenix_pubsub, "~> 2.0", [hex: :phoenix_pubsub, repo: "hexpm", optional: false]}, {:plug, "~> 1.10", [hex: :plug, repo: "hexpm", optional: false]}, {:plug_cowboy, "~> 1.0 or ~> 2.2", [hex: :plug_cowboy, repo: "hexpm", optional: true]}, {:plug_crypto, "~> 1.1.2 or ~> 1.2", [hex: :plug_crypto, repo: "hexpm", optional: false]}, {:telemetry, "~> 0.4", [hex: :telemetry, repo: "hexpm", optional: false]}], "hexpm", "35ded0a32f4836168c7ab6c33b88822eccd201bcd9492125a9bea4c54332d955"},
  "phoenix_ecto": {:hex, :phoenix_ecto, "4.2.1", "13f124cf0a3ce0f1948cf24654c7b9f2347169ff75c1123f44674afee6af3b03", [:mix], [{:ecto, "~> 3.0", [hex: :ecto, repo: "hexpm", optional: false]}, {:phoenix_html, "~> 2.14.2 or ~> 2.15", [hex: :phoenix_html, repo: "hexpm", optional: true]}, {:plug, "~> 1.0", [hex: :plug, repo: "hexpm", optional: false]}], "hexpm", "478a1bae899cac0a6e02be1deec7e2944b7754c04e7d4107fc5a517f877743c0"},
  "phoenix_html": {:hex, :phoenix_html, "2.14.3", "51f720d0d543e4e157ff06b65de38e13303d5778a7919bcc696599e5934271b8", [:mix], [{:plug, "~> 1.5", [hex: :plug, repo: "hexpm", optional: false]}], "hexpm", "efd697a7fff35a13eeeb6b43db884705cba353a1a41d127d118fda5f90c8e80f"},
  "phoenix_live_dashboard": {:hex, :phoenix_live_dashboard, "0.2.10", "6866fad234cbe0813de086a27fde03347162b042fd9d84a31a96433b5e486470", [:mix], [{:phoenix_html, "~> 2.14.1 or ~> 2.15", [hex: :phoenix_html, repo: "hexpm", optional: false]}, {:phoenix_live_view, "~> 0.14.3", [hex: :phoenix_live_view, repo: "hexpm", optional: false]}, {:telemetry_metrics, "~> 0.4.0 or ~> 0.5.0 or ~> 0.6.0", [hex: :telemetry_metrics, repo: "hexpm", optional: false]}], "hexpm", "9841958d558a60530f15df18b33b63a145d1b8b1f0aed63b4eaec11bbf0b4968"},
  "phoenix_live_reload": {:hex, :phoenix_live_reload, "1.3.1", "9eba6ad16bd80c45f338b2059c7b255ce30784d76f4181304e7b78640e5a7513", [:mix], [{:file_system, "~> 0.2.1 or ~> 0.3", [hex: :file_system, repo: "hexpm", optional: false]}, {:phoenix, "~> 1.4", [hex: :phoenix, repo: "hexpm", optional: false]}], "hexpm", "f3ae26b5abb85a1cb2bc8bb199e29fbcefb34259e469b31fe0c6323f2175a5ef"},
  "phoenix_live_view": {:hex, :phoenix_live_view, "0.15.5", "153f15022ff03162201cfbd3de73115f3a6e868bc8a3c07b86a8e984de6a57e2", [:mix], [{:jason, "~> 1.0", [hex: :jason, repo: "hexpm", optional: true]}, {:phoenix, "~> 1.5.7", [hex: :phoenix, repo: "hexpm", optional: false]}, {:phoenix_html, "~> 2.14", [hex: :phoenix_html, repo: "hexpm", optional: false]}, {:telemetry, "~> 0.4.2 or ~> 0.5", [hex: :telemetry, repo: "hexpm", optional: false]}], "hexpm", "00c80cf27365bdeb44c694b1dc8cf950b4b26141307df340d39a9be47d8dc1ef"},
  "phoenix_pubsub": {:hex, :phoenix_pubsub, "2.0.0", "a1ae76717bb168cdeb10ec9d92d1480fec99e3080f011402c0a2d68d47395ffb", [:mix], [], "hexpm", "c52d948c4f261577b9c6fa804be91884b381a7f8f18450c5045975435350f771"},
  "plug": {:hex, :plug, "1.11.1", "f2992bac66fdae679453c9e86134a4201f6f43a687d8ff1cd1b2862d53c80259", [:mix], [{:mime, "~> 1.0", [hex: :mime, repo: "hexpm", optional: false]}, {:plug_crypto, "~> 1.1.1 or ~> 1.2", [hex: :plug_crypto, repo: "hexpm", optional: false]}, {:telemetry, "~> 0.4", [hex: :telemetry, repo: "hexpm", optional: false]}], "hexpm", "23524e4fefbb587c11f0833b3910bfb414bf2e2534d61928e920f54e3a1b881f"},
  "plug_cowboy": {:hex, :plug_cowboy, "2.5.0", "51c998f788c4e68fc9f947a5eba8c215fbb1d63a520f7604134cab0270ea6513", [:mix], [{:cowboy, "~> 2.7", [hex: :cowboy, repo: "hexpm", optional: false]}, {:cowboy_telemetry, "~> 0.3", [hex: :cowboy_telemetry, repo: "hexpm", optional: false]}, {:plug, "~> 1.7", [hex: :plug, repo: "hexpm", optional: false]}, {:telemetry, "~> 0.4", [hex: :telemetry, repo: "hexpm", optional: false]}], "hexpm", "5b2c8925a5e2587446f33810a58c01e66b3c345652eeec809b76ba007acde71a"},
  "plug_crypto": {:hex, :plug_crypto, "1.2.2", "05654514ac717ff3a1843204b424477d9e60c143406aa94daf2274fdd280794d", [:mix], [], "hexpm", "87631c7ad914a5a445f0a3809f99b079113ae4ed4b867348dd9eec288cecb6db"},
  "pointers": {:git, "https://github.com/bonfire-networks/pointers", "926255d923d799360c4915e50693db10ed27d7b9", [branch: "main"]},
  "pointers_ulid": {:git, "https://github.com/bonfire-networks/pointers_ulid", "5402a668e39c9103c0709b289942419cd24a7558", [branch: "main"]},
  "poolboy": {:hex, :poolboy, "1.5.2", "392b007a1693a64540cead79830443abf5762f5d30cf50bc95cb2c1aaafa006b", [:rebar3], [], "hexpm", "dad79704ce5440f3d5a3681c8590b9dc25d1a561e8f5a9c995281012860901e3"},
  "postgrex": {:hex, :postgrex, "0.15.9", "46f8fe6f25711aeb861c4d0ae09780facfdf3adbd2fb5594ead61504dd489bda", [:mix], [{:connection, "~> 1.0", [hex: :connection, repo: "hexpm", optional: false]}, {:db_connection, "~> 2.1", [hex: :db_connection, repo: "hexpm", optional: false]}, {:decimal, "~> 1.5 or ~> 2.0", [hex: :decimal, repo: "hexpm", optional: false]}, {:jason, "~> 1.0", [hex: :jason, repo: "hexpm", optional: true]}], "hexpm", "610719103e4cb2223d4ab78f9f0f3e720320eeca6011415ab4137ddef730adee"},
  "qr_code": {:hex, :qr_code, "2.2.0", "8445085f57294af832456432b7366a5b6f49ad453f2fe7191a71d7190b1a26da", [:mix], [{:ex_maybe, "~> 1.1.1", [hex: :ex_maybe, repo: "hexpm", optional: false]}, {:matrix_reloaded, "~> 2.2.1", [hex: :matrix_reloaded, repo: "hexpm", optional: false]}, {:result, "~> 1.3.0", [hex: :result, repo: "hexpm", optional: false]}, {:xml_builder, "~> 2.1.1", [hex: :xml_builder, repo: "hexpm", optional: false]}], "hexpm", "e66784d13e0d5f5d978a8801b127b703ac0134af79889c7a26397d331785600b"},
  "query_elf": {:git, "https://github.com/bonfire-networks/query_elf", "ad4cdf3a774dfaf1ffeffc3eccda4bc3c4fa81e3", [branch: "bonfire"]},
  "ranch": {:hex, :ranch, "1.7.1", "6b1fab51b49196860b733a49c07604465a47bdb78aa10c1c16a3d199f7f8c881", [:rebar3], [], "hexpm", "451d8527787df716d99dc36162fca05934915db0b6141bbdac2ea8d3c7afc7d7"},
  "recase": {:hex, :recase, "0.7.0", "3f2f719f0886c7a3b7fe469058ec539cb7bbe0023604ae3bce920e186305e5ae", [:mix], [], "hexpm", "36f5756a9f552f4a94b54a695870e32f4e72d5fad9c25e61bc4a3151c08a4e0c"},
  "redirect": {:hex, :redirect, "0.3.0", "f24f2cd41ea85d68c99290ef41655dfae06905e1aa96ee9b025b6b58e82a0776", [:mix], [{:phoenix, "~> 1.4", [hex: :phoenix, repo: "hexpm", optional: false]}, {:plug, "~> 1.8.3 or ~> 1.9", [hex: :plug, repo: "hexpm", optional: false]}], "hexpm", "3108e611ded985a88efc37c4f17e543d39606f17271c4c549c38edfde0c0d66e"},
  "result": {:hex, :result, "1.3.0", "fd598eb0e084048157fffca7ef5f53803c6031c99691a78271dade7b4c479661", [:mix], [], "hexpm", "c7aca4eb90a1fc7b571d46c700f36b36e18bef28d9df3630b73f67d6bf60329c"},
  "rustler": {:hex, :rustler, "0.21.0", "68cc4fc015d0b9541865ea78e78e9ef2dd91ee4be80bf543fd15791102a45aca", [:mix], [{:toml, "~> 0.5.2", [hex: :toml, repo: "hexpm", optional: false]}], "hexpm", "e5429378c397f37f1091a35593b153aee1925e197c6842d04648d802edb52f80"},
  "sleeplocks": {:hex, :sleeplocks, "1.1.1", "3d462a0639a6ef36cc75d6038b7393ae537ab394641beb59830a1b8271faeed3", [:rebar3], [], "hexpm", "84ee37aeff4d0d92b290fff986d6a95ac5eedf9b383fadfd1d88e9b84a1c02e1"},
  "sobelow": {:hex, :sobelow, "0.11.1", "23438964486f8112b41e743bbfd402da3e5b296fdc9eacab29914b79c48916dd", [:mix], [{:jason, "~> 1.0", [hex: :jason, repo: "hexpm", optional: false]}], "hexpm", "9897363a7eff96f4809304a90aad819e2ad5e5d24db547af502885146746a53c"},
  "socket": {:hex, :socket, "0.3.13", "98a2ab20ce17f95fb512c5cadddba32b57273e0d2dba2d2e5f976c5969d0c632", [:mix], [], "hexpm", "f82ea9833ef49dde272e6568ab8aac657a636acb4cf44a7de8a935acb8957c2e"},
  "ssl_verify_fun": {:hex, :ssl_verify_fun, "1.1.6", "cf344f5692c82d2cd7554f5ec8fd961548d4fd09e7d22f5b62482e5aeaebd4b0", [:make, :mix, :rebar3], [], "hexpm", "bdb0d2471f453c88ff3908e7686f86f9be327d065cc1ec16fa4540197ea04680"},
  "stream_data": {:hex, :stream_data, "0.5.0", "b27641e58941685c75b353577dc602c9d2c12292dd84babf506c2033cd97893e", [:mix], [], "hexpm", "012bd2eec069ada4db3411f9115ccafa38540a3c78c4c0349f151fc761b9e271"},
  "surface": {:hex, :surface, "0.3.2", "e80be602ab5f441bc10491e452768692c80036aeb9fc1c6b854061dd3584ea46", [:mix], [{:earmark, "~> 1.3", [hex: :earmark, repo: "hexpm", optional: false]}, {:jason, "~> 1.0", [hex: :jason, repo: "hexpm", optional: false]}, {:nimble_parsec, "~> 0.5 or ~> 1.0", [hex: :nimble_parsec, repo: "hexpm", optional: false]}, {:phoenix_live_view, "~> 0.15.0", [hex: :phoenix_live_view, repo: "hexpm", optional: false]}], "hexpm", "209d7a58763300b182fa2e41b3f22b5d0e16b2ef62e3cbd5e8c34a9d3e795439"},
  "telemetry": {:hex, :telemetry, "0.4.3", "a06428a514bdbc63293cd9a6263aad00ddeb66f608163bdec7c8995784080818", [:rebar3], [], "hexpm", "eb72b8365ffda5bed68a620d1da88525e326cb82a75ee61354fc24b844768041"},
  "telemetry_metrics": {:hex, :telemetry_metrics, "0.6.0", "da9d49ee7e6bb1c259d36ce6539cd45ae14d81247a2b0c90edf55e2b50507f7b", [:mix], [{:telemetry, "~> 0.4", [hex: :telemetry, repo: "hexpm", optional: false]}], "hexpm", "5cfe67ad464b243835512aa44321cee91faed6ea868d7fb761d7016e02915c3d"},
  "telemetry_poller": {:hex, :telemetry_poller, "0.5.1", "21071cc2e536810bac5628b935521ff3e28f0303e770951158c73eaaa01e962a", [:rebar3], [{:telemetry, "~> 0.4", [hex: :telemetry, repo: "hexpm", optional: false]}], "hexpm", "4cab72069210bc6e7a080cec9afffad1b33370149ed5d379b81c7c5f0c663fd4"},
  "tesla": {:hex, :tesla, "1.4.1", "ff855f1cac121e0d16281b49e8f066c4a0d89965f98864515713878cca849ac8", [:mix], [{:castore, "~> 0.1", [hex: :castore, repo: "hexpm", optional: true]}, {:exjsx, ">= 3.0.0", [hex: :exjsx, repo: "hexpm", optional: true]}, {:finch, "~> 0.3", [hex: :finch, repo: "hexpm", optional: true]}, {:fuse, "~> 2.4", [hex: :fuse, repo: "hexpm", optional: true]}, {:gun, "~> 1.3", [hex: :gun, repo: "hexpm", optional: true]}, {:hackney, "~> 1.6", [hex: :hackney, repo: "hexpm", optional: true]}, {:ibrowse, "~> 4.4.0", [hex: :ibrowse, repo: "hexpm", optional: true]}, {:jason, ">= 1.0.0", [hex: :jason, repo: "hexpm", optional: true]}, {:mime, "~> 1.0", [hex: :mime, repo: "hexpm", optional: false]}, {:mint, "~> 1.0", [hex: :mint, repo: "hexpm", optional: true]}, {:poison, ">= 1.0.0", [hex: :poison, repo: "hexpm", optional: true]}, {:telemetry, "~> 0.4", [hex: :telemetry, repo: "hexpm", optional: true]}], "hexpm", "95f5de35922c8c4b3945bee7406f66eb680b0955232f78f5fb7e853aa1ce201a"},
  "timex": {:hex, :timex, "3.7.5", "3eca56e23bfa4e0848f0b0a29a92fa20af251a975116c6d504966e8a90516dfd", [:mix], [{:combine, "~> 0.10", [hex: :combine, repo: "hexpm", optional: false]}, {:gettext, "~> 0.10", [hex: :gettext, repo: "hexpm", optional: false]}, {:tzdata, "~> 1.0", [hex: :tzdata, repo: "hexpm", optional: false]}], "hexpm", "a15608dca680f2ef663d71c95842c67f0af08a0f3b1d00e17bbd22872e2874e4"},
  "toml": {:hex, :toml, "0.5.2", "e471388a8726d1ce51a6b32f864b8228a1eb8edc907a0edf2bb50eab9321b526", [:mix], [], "hexpm", "f1e3dabef71fb510d015fad18c0e05e7c57281001141504c6b69d94e99750a07"},
  "towel": {:hex, :towel, "0.2.1", "665485fc8acda2565fd7f79e47008cbc60708bcb573a975575190275fa6db393", [:mix], [], "hexpm", "e7b7c5e7e6d8df9e781e130d1defccc9a27f888f7b95c132d8ccd1d6957d3b7a"},
  "tree_magic": {:git, "https://github.com/commonspub/tree_magic.ex", "9ca1ecff73a4752cf835747a6a81eaf640cd297f", []},
  "twinkle_star": {:git, "https://github.com/bonfire-ecosystem/twinkle_star", "9122fe33b951075fb14bddc6feb1fab7cbd9ff24", []},
  "tzdata": {:hex, :tzdata, "1.1.0", "72f5babaa9390d0f131465c8702fa76da0919e37ba32baa90d93c583301a8359", [:mix], [{:hackney, "~> 1.17", [hex: :hackney, repo: "hexpm", optional: false]}], "hexpm", "18f453739b48d3dc5bcf0e8906d2dc112bb40baafe2c707596d89f3c8dd14034"},
  "unicode_util_compat": {:hex, :unicode_util_compat, "0.7.0", "bc84380c9ab48177092f43ac89e4dfa2c6d62b40b8bd132b1059ecc7232f9a78", [:rebar3], [], "hexpm", "25eee6d67df61960cf6a794239566599b09e17e668d3700247bc498638152521"},
  "unsafe": {:hex, :unsafe, "1.0.1", "a27e1874f72ee49312e0a9ec2e0b27924214a05e3ddac90e91727bc76f8613d8", [:mix], [], "hexpm", "6c7729a2d214806450d29766abc2afaa7a2cbecf415be64f36a6691afebb50e5"},
  "verbs": {:git, "https://github.com/shannonwells/verbs_ex", "457167b0ab76baaf3fe5315b9621202d94ffd87e", []},
  "voodoo": {:git, "https://github.com/bonfire-networks/voodoo", "6a0dddaf00fac0d4cd42fb9aecd55bef65125be4", [branch: "main"]},
  "waffle": {:hex, :waffle, "1.1.4", "4cad1c2fd67b5c18a0e9fa9278b0de70cd1a143e8fbc73cddca248749cfa8b04", [:mix], [{:ex_aws, "~> 2.1", [hex: :ex_aws, repo: "hexpm", optional: true]}, {:ex_aws_s3, "~> 2.1", [hex: :ex_aws_s3, repo: "hexpm", optional: true]}, {:hackney, "~> 1.9", [hex: :hackney, repo: "hexpm", optional: false]}, {:sweet_xml, "~> 0.6", [hex: :sweet_xml, repo: "hexpm", optional: true]}], "hexpm", "f0ccb04e7e8d8529c3a885750e8014c69b20e9b9881cd80bb4a6f1ce1c1cc88f"},
  "xml_builder": {:hex, :xml_builder, "2.1.4", "e60e21c0a39b9dd8dec1db5a2525c713f7fe4e85ed247caedf22a9bcdd2d5069", [:mix], [], "hexpm", "48188a4df8b9168ceb8318d128299bce064d272e18967349b2592347c434e677"},
  "zest": {:hex, :zest, "0.1.2", "ddf3a045ee32c6452b8ac050b22da0b2eceae5aaa7d63163fb09e5fbb925fbbe", [:mix], [], "hexpm", "ebe2d6acf615de286e45846a3d6daf72d7c20f2c5eefada6d8a1729256a3974a"},
}
