%{
  "absinthe": {:hex, :absinthe, "1.7.0", "36819e7b1fd5046c9c734f27fe7e564aed3bda59f0354c37cd2df88fd32dd014", [:mix], [{:dataloader, "~> 1.0.0", [hex: :dataloader, repo: "hexpm", optional: true]}, {:decimal, "~> 1.0 or ~> 2.0", [hex: :decimal, repo: "hexpm", optional: true]}, {:nimble_parsec, "~> 0.5 or ~> 1.0", [hex: :nimble_parsec, repo: "hexpm", optional: false]}, {:telemetry, "~> 1.0 or ~> 0.4", [hex: :telemetry, repo: "hexpm", optional: false]}], "hexpm", "566a5b5519afc9b29c4d367f0c6768162de3ec03e9bf9916f9dc2bcbe7c09643"},
  "absinthe_client": {:git, "https://github.com/bonfire-networks/absinthe_client.git", "9a13e690d4512a05b158d6db5553d3bbbd0362f4", []},
  "absinthe_error_payload": {:hex, :absinthe_error_payload, "1.1.4", "502ff239148c8deaac028ddb600d6502d5be68d24fece0c93f4c3cf7e74c1a4d", [:make, :mix], [{:absinthe, "~> 1.3", [hex: :absinthe, repo: "hexpm", optional: false]}, {:ecto, "~> 3.1", [hex: :ecto, repo: "hexpm", optional: false]}], "hexpm", "9e262ef2fd4a2c644075e0cdde2573b1f713c0676ab905c8640eaa8a882b2aca"},
  "absinthe_phoenix": {:hex, :absinthe_phoenix, "2.0.2", "e607b438db900049b9b3760f8ecd0591017a46122fffed7057bf6989020992b5", [:mix], [{:absinthe, "~> 1.5", [hex: :absinthe, repo: "hexpm", optional: false]}, {:absinthe_plug, "~> 1.5", [hex: :absinthe_plug, repo: "hexpm", optional: false]}, {:decimal, "~> 1.0 or ~> 2.0", [hex: :decimal, repo: "hexpm", optional: false]}, {:phoenix, "~> 1.5", [hex: :phoenix, repo: "hexpm", optional: false]}, {:phoenix_html, "~> 2.13 or ~> 3.0", [hex: :phoenix_html, repo: "hexpm", optional: true]}, {:phoenix_pubsub, "~> 2.0", [hex: :phoenix_pubsub, repo: "hexpm", optional: false]}], "hexpm", "d36918925c380dc7d2ed7d039c9a3b4182ec36723f7417a68745ade5aab22f8d"},
  "absinthe_plug": {:hex, :absinthe_plug, "1.5.8", "38d230641ba9dca8f72f1fed2dfc8abd53b3907d1996363da32434ab6ee5d6ab", [:mix], [{:absinthe, "~> 1.5", [hex: :absinthe, repo: "hexpm", optional: false]}, {:plug, "~> 1.4", [hex: :plug, repo: "hexpm", optional: false]}], "hexpm", "bbb04176647b735828861e7b2705465e53e2cf54ccf5a73ddd1ebd855f996e5a"},
  "activity_pub": {:git, "https://github.com/bonfire-networks/activity_pub", "7ab4b707c1f215ece0687de31f2484d32e424a0f", [branch: "develop"]},
  "argon2_elixir": {:hex, :argon2_elixir, "2.4.1", "edb27bdd326bc738f3e4614eddc2f73507be6fedc9533c6bcc6f15bbac9c85cc", [:make, :mix], [{:comeonin, "~> 5.3", [hex: :comeonin, repo: "hexpm", optional: false]}, {:elixir_make, "~> 0.6", [hex: :elixir_make, repo: "hexpm", optional: false]}], "hexpm", "0e21f52a373739d00bdfd5fe6da2f04eea623cb4f66899f7526dd9db03903d9f"},
  "arrows": {:git, "https://github.com/bonfire-networks/arrows", "cc24f43d49ccea937e8819691e78c3439b08bc54", [branch: "main"]},
  "bamboo": {:hex, :bamboo, "2.2.0", "f10a406d2b7f5123eb1f02edfa043c259db04b47ab956041f279eaac776ef5ce", [:mix], [{:hackney, ">= 1.15.2", [hex: :hackney, repo: "hexpm", optional: false]}, {:jason, "~> 1.0", [hex: :jason, repo: "hexpm", optional: true]}, {:mime, "~> 1.4", [hex: :mime, repo: "hexpm", optional: false]}, {:plug, "~> 1.0", [hex: :plug, repo: "hexpm", optional: false]}], "hexpm", "8c3b14ba7d2f40cb4be04128ed1e2aff06d91d9413d38bafb4afccffa3ade4fc"},
  "bamboo_smtp": {:hex, :bamboo_smtp, "4.1.0", "ba547be4146ae592f63af05c6c7b7b5195b2b6ca57eeea9d80070b38eacd528b", [:mix], [{:bamboo, "~> 2.2.0", [hex: :bamboo, repo: "hexpm", optional: false]}, {:gen_smtp, "~> 1.1.1", [hex: :gen_smtp, repo: "hexpm", optional: false]}], "hexpm", "cb1a2856ab0507d10df609428314aa5e18231e8b1801a5bc6e42f319eeb50ad9"},
  "bonfire_api_graphql": {:git, "https://github.com/bonfire-networks/bonfire_api_graphql", "28637e66be443fed7fff5b640ae20ed5afb09f48", [branch: "main"]},
  "bonfire_boundaries": {:git, "https://github.com/bonfire-networks/bonfire_boundaries", "2731e4a3f6dd4022a0320de6fe4aea076793a635", [branch: "main"]},
  "bonfire_breadpub": {:git, "https://github.com/bonfire-networks/bonfire_breadpub", "734c04a5898cc046d98f28d864f9a5acba9c71d9", [branch: "main"]},
  "bonfire_classify": {:git, "https://github.com/bonfire-networks/bonfire_classify", "cb5b054ec05f7f0e10361b5c0d7ba9ca1dc1f633", [branch: "main"]},
  "bonfire_common": {:git, "https://github.com/bonfire-networks/bonfire_common", "51a635d29fb63044bb3e3ffaa8237bff91ee3e6a", [branch: "main"]},
  "bonfire_data_access_control": {:git, "https://github.com/bonfire-networks/bonfire_data_access_control", "07d21c0c5c049ad7c4282e474f1850ec24ebf9ab", [branch: "main"]},
  "bonfire_data_activity_pub": {:git, "https://github.com/bonfire-networks/bonfire_data_activity_pub", "5522116c8e5b1a6264fe87139c0a0345aa715cd9", [branch: "main"]},
  "bonfire_data_assort": {:git, "https://github.com/bonfire-networks/bonfire_data_assort", "703fffbde20d49d38f938f1cb7b967af9043bd0f", []},
  "bonfire_data_edges": {:git, "https://github.com/bonfire-networks/bonfire_data_edges", "48694bb63a609cee2070091b06a743aabd389ece", [branch: "main"]},
  "bonfire_data_identity": {:git, "https://github.com/bonfire-networks/bonfire_data_identity", "866c812dd97994f6448e273de0e736b7067088bf", [branch: "main"]},
  "bonfire_data_shared_user": {:git, "https://github.com/bonfire-networks/bonfire_data_shared_user", "507c2e9ce51d0c5fc477df4f80b7eaee7bfff5d4", [branch: "main"]},
  "bonfire_data_social": {:git, "https://github.com/bonfire-networks/bonfire_data_social", "d981ecfbc935405d966967bc2f0b465ae02e3caf", [branch: "main"]},
  "bonfire_ecto": {:git, "https://github.com/bonfire-networks/bonfire_ecto", "5e105fcf390228aae20e4a0220dbb83b0fae90ca", [branch: "main"]},
  "bonfire_editor_ck": {:git, "https://github.com/bonfire-networks/bonfire_editor_ck", "b37bf6015024325cf14d777726af6a646d75cc42", []},
  "bonfire_epics": {:git, "https://github.com/bonfire-networks/bonfire_epics", "ae576f90c68a1521f69dda43bacf359ca512178a", [branch: "main"]},
  "bonfire_fail": {:git, "https://github.com/bonfire-networks/bonfire_fail", "c436ca1b2edf89a13a076067ccaee89c6d2fc88a", [branch: "main"]},
  "bonfire_federate_activitypub": {:git, "https://github.com/bonfire-networks/bonfire_federate_activitypub", "11be9b8483340dc7ed6a37a62563b79d5accbbe0", [branch: "main"]},
  "bonfire_files": {:git, "https://github.com/bonfire-networks/bonfire_files", "aafd79a2acc72c3dc3bf77afd1a8b233a9ced71a", [branch: "main"]},
  "bonfire_geolocate": {:git, "https://github.com/bonfire-networks/bonfire_geolocate", "6a6eb09b00abaad36d4e74b7a656f3dc70635f44", [branch: "main"]},
  "bonfire_invite_links": {:git, "https://github.com/bonfire-networks/bonfire_invite_links", "c3514d1c06427f4c3a03e20e982afd45eee5e90c", [branch: "main"]},
  "bonfire_mailer": {:git, "https://github.com/bonfire-networks/bonfire_mailer", "efaa2df39cd3fc121e68dec801f91ccc933479c4", [branch: "main"]},
  "bonfire_me": {:git, "https://github.com/bonfire-networks/bonfire_me", "d8c01d812998dc432c83fb79bbfea2a706106c2d", [branch: "main"]},
  "bonfire_quantify": {:git, "https://github.com/bonfire-networks/bonfire_quantify", "d9712e1c9a3e4d9f470f9d46225b72337b95592e", [branch: "main"]},
  "bonfire_search": {:git, "https://github.com/bonfire-networks/bonfire_search", "1ec48b265574aed4ba3576d7579a134b89bcf987", [branch: "main"]},
  "bonfire_social": {:git, "https://github.com/bonfire-networks/bonfire_social", "94dd68b934e01441e60d4b155e74237957a0c2b3", [branch: "main"]},
  "bonfire_tag": {:git, "https://github.com/bonfire-networks/bonfire_tag", "f0f5aeb8e13392a083af167fa5cc9ed1f9dac96a", [branch: "main"]},
  "bonfire_ui_coordination": {:git, "https://github.com/bonfire-networks/bonfire_ui_coordination", "5f88cd620272ea80db3eb4147c923ac028098514", [branch: "main"]},
  "bonfire_ui_kanban": {:git, "https://github.com/bonfire-networks/bonfire_ui_kanban", "4beb7a1267a39bcdb7a4592bbd52246074db5b29", [branch: "main"]},
  "bonfire_ui_social": {:git, "https://github.com/bonfire-networks/bonfire_ui_social", "da391f88f61f7799c0b0a07590446b5540920f5c", [branch: "main"]},
  "bonfire_ui_valueflows": {:git, "https://github.com/bonfire-networks/bonfire_ui_valueflows", "753cc9c673d346a5a81498a4325c0ae75ebecde5", [branch: "main"]},
  "bonfire_valueflows": {:git, "https://github.com/bonfire-networks/bonfire_valueflows", "250577d7889ab4916a5397db4183ca5682d6ff4a", [branch: "main"]},
  "bonfire_valueflows_observe": {:git, "https://github.com/bonfire-networks/bonfire_valueflows_observe", "37a8aec7d655d76363bbb752e64c1aa8ea2c0761", []},
  "bonfire_website": {:git, "https://github.com/bonfire-networks/bonfire_website", "f36e7a36c617cb54a46e621e8213b90fd9364f49", [branch: "main"]},
  "cachex": {:hex, :cachex, "3.4.0", "868b2959ea4aeb328c6b60ff66c8d5123c083466ad3c33d3d8b5f142e13101fb", [:mix], [{:eternal, "~> 1.2", [hex: :eternal, repo: "hexpm", optional: false]}, {:jumper, "~> 1.0", [hex: :jumper, repo: "hexpm", optional: false]}, {:sleeplocks, "~> 1.1", [hex: :sleeplocks, repo: "hexpm", optional: false]}, {:unsafe, "~> 1.0", [hex: :unsafe, repo: "hexpm", optional: false]}], "hexpm", "370123b1ab4fba4d2965fb18f87fd758325709787c8c5fce35b3fe80645ccbe5"},
  "certifi": {:hex, :certifi, "2.9.0", "6f2a475689dd47f19fb74334859d460a2dc4e3252a3324bd2111b8f0429e7e21", [:rebar3], [], "hexpm", "266da46bdb06d6c6d35fde799bcb28d36d985d424ad7c08b5bb48f5b5cdd4641"},
  "cldr_utils": {:hex, :cldr_utils, "2.17.1", "d5532ccfbe4b39cb652ba4566571324278344a6a2fb4500dac213ce8e123732f", [:mix], [{:castore, "~> 0.1", [hex: :castore, repo: "hexpm", optional: true]}, {:certifi, "~> 2.5", [hex: :certifi, repo: "hexpm", optional: true]}, {:decimal, "~> 1.9 or ~> 2.0", [hex: :decimal, repo: "hexpm", optional: false]}], "hexpm", "052e0c2cf5ee801018580d69939b25528730d73ea05a05cb2c0e0a8204856d76"},
  "combine": {:hex, :combine, "0.10.0", "eff8224eeb56498a2af13011d142c5e7997a80c8f5b97c499f84c841032e429f", [:mix], [], "hexpm", "1b1dbc1790073076580d0d1d64e42eae2366583e7aecd455d1215b0d16f2451b"},
  "comeonin": {:hex, :comeonin, "5.3.3", "2c564dac95a35650e9b6acfe6d2952083d8a08e4a89b93a481acb552b325892e", [:mix], [], "hexpm", "3e38c9c2cb080828116597ca8807bb482618a315bfafd98c90bc22a821cc84df"},
  "connection": {:hex, :connection, "1.1.0", "ff2a49c4b75b6fb3e674bfc5536451607270aac754ffd1bdfe175abe4a6d7a68", [:mix], [], "hexpm", "722c1eb0a418fbe91ba7bd59a47e28008a189d47e37e0e7bb85585a016b2869c"},
  "cowboy": {:hex, :cowboy, "2.9.0", "865dd8b6607e14cf03282e10e934023a1bd8be6f6bacf921a7e2a96d800cd452", [:make, :rebar3], [{:cowlib, "2.11.0", [hex: :cowlib, repo: "hexpm", optional: false]}, {:ranch, "1.8.0", [hex: :ranch, repo: "hexpm", optional: false]}], "hexpm", "2c729f934b4e1aa149aff882f57c6372c15399a20d54f65c8d67bef583021bde"},
  "cowboy_telemetry": {:hex, :cowboy_telemetry, "0.4.0", "f239f68b588efa7707abce16a84d0d2acf3a0f50571f8bb7f56a15865aae820c", [:rebar3], [{:cowboy, "~> 2.7", [hex: :cowboy, repo: "hexpm", optional: false]}, {:telemetry, "~> 1.0", [hex: :telemetry, repo: "hexpm", optional: false]}], "hexpm", "7d98bac1ee4565d31b62d59f8823dfd8356a169e7fcbb83831b8a5397404c9de"},
  "cowlib": {:hex, :cowlib, "2.11.0", "0b9ff9c346629256c42ebe1eeb769a83c6cb771a6ee5960bd110ab0b9b872063", [:make, :rebar3], [], "hexpm", "2b3e9da0b21c4565751a6d4901c20d1b4cc25cbb7fd50d91d2ab6dd287bc86a9"},
  "dataloader": {:hex, :dataloader, "1.0.10", "a42f07641b1a0572e0b21a2a5ae1be11da486a6790f3d0d14512d96ff3e3bbe9", [:mix], [{:ecto, ">= 3.4.3 and < 4.0.0", [hex: :ecto, repo: "hexpm", optional: true]}, {:telemetry, "~> 1.0 or ~> 0.4", [hex: :telemetry, repo: "hexpm", optional: false]}], "hexpm", "54cd70cec09addf4b2ace14cc186a283a149fd4d3ec5475b155951bf33cd963f"},
  "db_connection": {:hex, :db_connection, "2.4.1", "6411f6e23f1a8b68a82fa3a36366d4881f21f47fc79a9efb8c615e62050219da", [:mix], [{:connection, "~> 1.0", [hex: :connection, repo: "hexpm", optional: false]}, {:telemetry, "~> 0.4 or ~> 1.0", [hex: :telemetry, repo: "hexpm", optional: false]}], "hexpm", "ea36d226ec5999781a9a8ad64e5d8c4454ecedc7a4d643e4832bf08efca01f00"},
  "decimal": {:hex, :decimal, "2.0.0", "a78296e617b0f5dd4c6caf57c714431347912ffb1d0842e998e9792b5642d697", [:mix], [], "hexpm", "34666e9c55dea81013e77d9d87370fe6cb6291d1ef32f46a1600230b1d44f577"},
  "earmark": {:hex, :earmark, "1.4.20", "d5097b1c7417a03c73a2985fcf01c3f72192c427b8a498719737dca5273938cb", [:mix], [{:earmark_parser, "== 1.4.18", [hex: :earmark_parser, repo: "hexpm", optional: false]}], "hexpm", "7be744242dbde74c858279f4a65d9d31f37d163190d739340015c30038c1edb3"},
  "earmark_parser": {:hex, :earmark_parser, "1.4.18", "e1b2be73eb08a49fb032a0208bf647380682374a725dfb5b9e510def8397f6f2", [:mix], [], "hexpm", "114a0e85ec3cf9e04b811009e73c206394ffecfcc313e0b346de0d557774ee97"},
  "ecto": {:hex, :ecto, "3.7.1", "a20598862351b29f80f285b21ec5297da1181c0442687f9b8329f0445d228892", [:mix], [{:decimal, "~> 1.6 or ~> 2.0", [hex: :decimal, repo: "hexpm", optional: false]}, {:jason, "~> 1.0", [hex: :jason, repo: "hexpm", optional: true]}, {:telemetry, "~> 0.4 or ~> 1.0", [hex: :telemetry, repo: "hexpm", optional: false]}], "hexpm", "d36e5b39fc479e654cffd4dbe1865d9716e4a9b6311faff799b6f90ab81b8638"},
  "ecto_erd": {:hex, :ecto_erd, "0.4.1", "702fd8cf9c505a216a69357da0065c065bca471a72b0cb5f5d5485846d038e52", [:mix], [{:ecto, "~> 3.3", [hex: :ecto, repo: "hexpm", optional: false]}, {:html_entities, "~> 0.5", [hex: :html_entities, repo: "hexpm", optional: false]}], "hexpm", "b2057c3da83fb3dd0162955fa2a4cbcbaefbd0431d4ea015fd7068ee036ca05d"},
  "ecto_materialized_path": {:git, "https://github.com/bonfire-networks/ecto_materialized_path", "f9ea55f14296dac75c32976529563e43e3b8e25c", []},
  "ecto_psql_extras": {:hex, :ecto_psql_extras, "0.7.4", "5d43fd088d39a158c860b17e8d210669587f63ec89ea122a4654861c8c6e2db4", [:mix], [{:ecto_sql, "~> 3.4", [hex: :ecto_sql, repo: "hexpm", optional: false]}, {:postgrex, ">= 0.15.7", [hex: :postgrex, repo: "hexpm", optional: false]}, {:table_rex, "~> 3.1.1", [hex: :table_rex, repo: "hexpm", optional: false]}], "hexpm", "311db02f1b772e3d0dc7f56a05044b5e1499d78ed6abf38885e1ca70059449e5"},
  "ecto_ranked": {:hex, :ecto_ranked, "0.5.0", "0e428901fe4586f6561b039b90b44940383e90da534b1842a728b56b076fdd68", [:mix], [{:ecto_sql, "~> 3.0", [hex: :ecto_sql, repo: "hexpm", optional: false]}], "hexpm", "7f9e119539aca2cf6d98916409e592c884f89069014b7731db1f42483da7e192"},
  "ecto_shorts": {:git, "https://github.com/bonfire-networks/ecto_shorts", "a31f4f4a64c9edf5f28b756298543d130feb99c6", [branch: "refactor/attempt1"]},
  "ecto_sparkles": {:git, "https://github.com/bonfire-networks/ecto_sparkles", "2e9c5196fd5b9b16fae5e059845894f8c0325d49", [branch: "main"]},
  "ecto_sql": {:hex, :ecto_sql, "3.7.2", "55c60aa3a06168912abf145c6df38b0295c34118c3624cf7a6977cd6ce043081", [:mix], [{:db_connection, "~> 2.2", [hex: :db_connection, repo: "hexpm", optional: false]}, {:ecto, "~> 3.7.0", [hex: :ecto, repo: "hexpm", optional: false]}, {:myxql, "~> 0.4.0 or ~> 0.5.0 or ~> 0.6.0", [hex: :myxql, repo: "hexpm", optional: true]}, {:postgrex, "~> 0.15.0 or ~> 0.16.0 or ~> 1.0", [hex: :postgrex, repo: "hexpm", optional: true]}, {:tds, "~> 2.1.1 or ~> 2.2", [hex: :tds, repo: "hexpm", optional: true]}, {:telemetry, "~> 0.4.0 or ~> 1.0", [hex: :telemetry, repo: "hexpm", optional: false]}], "hexpm", "3c218ea62f305dcaef0b915fb56583195e7b91c91dcfb006ba1f669bfacbff2a"},
  "eflambe": {:hex, :eflambe, "0.2.2", "74335f4c3161c76dafd27d313ed55932aa7689ebcd0eb6b3f69ddae56211cf56", [:rebar3], [{:meck, "0.9.2", [hex: :meck, repo: "hexpm", optional: false]}], "hexpm", "de182c28466d9deef971b8f12e55c894cb380fa918f61a78554ce92a5314716f"},
  "elixir_make": {:hex, :elixir_make, "0.6.3", "bc07d53221216838d79e03a8019d0839786703129599e9619f4ab74c8c096eac", [:mix], [], "hexpm", "f5cbd651c5678bcaabdbb7857658ee106b12509cd976c2c2fca99688e1daf716"},
  "email_checker": {:hex, :email_checker, "0.2.4", "2bf246646678c8a366f2f6d2394845facb87c025ceddbd699019d387726548aa", [:mix], [{:socket, "~> 0.3.1", [hex: :socket, repo: "hexpm", optional: true]}], "hexpm", "e4ac0e5eb035dce9c8df08ebffdb525a5d82e61dde37390ac2469222f723e50a"},
  "emote": {:git, "https://github.com/bonfire-networks/emote", "c1cdb31f1b28b1997a141fdf5bd6d7c0edbe12b3", []},
  "eternal": {:hex, :eternal, "1.2.2", "d1641c86368de99375b98d183042dd6c2b234262b8d08dfd72b9eeaafc2a1abd", [:mix], [], "hexpm", "2c9fe32b9c3726703ba5e1d43a1d255a4f3f2d8f8f9bc19f094c7cb1a7a9e782"},
  "ex_cldr": {:hex, :ex_cldr, "2.26.1", "417d6a8928ff854df01a8830aab2c9a4d8963db922d35180dcab5adf76dfaf62", [:mix], [{:castore, "~> 0.1", [hex: :castore, repo: "hexpm", optional: true]}, {:certifi, "~> 2.5", [hex: :certifi, repo: "hexpm", optional: true]}, {:cldr_utils, "~> 2.17", [hex: :cldr_utils, repo: "hexpm", optional: false]}, {:decimal, "~> 1.6 or ~> 2.0", [hex: :decimal, repo: "hexpm", optional: false]}, {:gettext, "~> 0.19", [hex: :gettext, repo: "hexpm", optional: true]}, {:jason, "~> 1.0", [hex: :jason, repo: "hexpm", optional: true]}, {:nimble_parsec, "~> 0.5 or ~> 1.0", [hex: :nimble_parsec, repo: "hexpm", optional: true]}, {:plug, "~> 1.9", [hex: :plug, repo: "hexpm", optional: true]}], "hexpm", "b666dd854562a8c27cff7d434ecc2c0c06c2a23fd1dfd3a1b5b554b9f9d1e455"},
  "ex_doc": {:hex, :ex_doc, "0.28.1", "34fab7e7201c5a1f275f3b2f837125c940c512e8543d181bd4dd7acb19c8dba0", [:mix], [{:earmark_parser, "~> 1.4.19", [hex: :earmark_parser, repo: "hexpm", optional: false]}, {:makeup_elixir, "~> 0.14", [hex: :makeup_elixir, repo: "hexpm", optional: false]}, {:makeup_erlang, "~> 0.1", [hex: :makeup_erlang, repo: "hexpm", optional: false]}], "hexpm", "10e564dd59101a5edc4de7009a54baed015a246dee01f7200aab24e8f57fc044"},
  "ex_machina": {:hex, :ex_machina, "2.7.0", "b792cc3127fd0680fecdb6299235b4727a4944a09ff0fa904cc639272cd92dc7", [:mix], [{:ecto, "~> 2.2 or ~> 3.0", [hex: :ecto, repo: "hexpm", optional: true]}, {:ecto_sql, "~> 3.0", [hex: :ecto_sql, repo: "hexpm", optional: true]}], "hexpm", "419aa7a39bde11894c87a615c4ecaa52d8f107bbdd81d810465186f783245bf8"},
  "ex_unit_notifier": {:hex, :ex_unit_notifier, "1.2.0", "73ced2ecee0f2da0705e372c21ce61e4e5d927ddb797f73928e52818b9cc1754", [:mix], [], "hexpm", "f38044c9d50de68ad7f0aec4d781a10d9f1c92c62b36bf0227ec0aaa96aee332"},
  "exsync": {:hex, :exsync, "0.2.4", "5cdc824553e0f4c4bf60018a9a6bbd5d3b51f93ef8401a0d8545f93127281d03", [:mix], [{:file_system, "~> 0.2", [hex: :file_system, repo: "hexpm", optional: false]}], "hexpm", "f7622d8bb98abbe473aa066ae46f91afdf7a5346b8b89728404f7189d2e80896"},
  "faker": {:hex, :faker, "0.17.0", "671019d0652f63aefd8723b72167ecdb284baf7d47ad3a82a15e9b8a6df5d1fa", [:mix], [], "hexpm", "a7d4ad84a93fd25c5f5303510753789fc2433ff241bf3b4144d3f6f291658a6a"},
  "fast_ngram": {:hex, :fast_ngram, "1.2.0", "0652c25d3f66e69e6780121cf19200442fe70da689b39ccaa8998da6ee2f65cc", [:mix], [], "hexpm", "90c949c5b00314d8117a5bf2fbf6a05ef945ce4cad66a47bc26f8d9ec30dc1bd"},
  "file_info": {:hex, :file_info, "0.0.4", "2e0e77f211e833f38ead22cb29ce53761d457d80b3ffe0ffe0eb93880b0963b2", [:mix], [{:mimetype_parser, "~> 0.1.2", [hex: :mimetype_parser, repo: "hexpm", optional: false]}], "hexpm", "50e7ad01c2c8b9339010675fe4dc4a113b8d6ca7eddce24d1d74fd0e762781a5"},
  "file_system": {:hex, :file_system, "0.2.10", "fb082005a9cd1711c05b5248710f8826b02d7d1784e7c3451f9c1231d4fc162d", [:mix], [], "hexpm", "41195edbfb562a593726eda3b3e8b103a309b733ad25f3d642ba49696bf715dc"},
  "flame_on": {:hex, :flame_on, "0.2.1", "71276592dd6bf27657e6f0186f91f7dfbd22cdf9ec3665c05d9b780e0894775b", [:mix], [{:ecto, "~> 3.7", [hex: :ecto, repo: "hexpm", optional: false]}, {:eflambe, "~> 0.2.2", [hex: :eflambe, repo: "hexpm", optional: false]}, {:gettext, "~> 0.19", [hex: :gettext, repo: "hexpm", optional: false]}, {:jason, "~> 1.0", [hex: :jason, repo: "hexpm", optional: false]}, {:phoenix_ecto, "~> 4.4", [hex: :phoenix_ecto, repo: "hexpm", optional: false]}, {:phoenix_live_dashboard, "~> 0.6.4", [hex: :phoenix_live_dashboard, repo: "hexpm", optional: false]}, {:phoenix_live_view, "~> 0.17.6", [hex: :phoenix_live_view, repo: "hexpm", optional: false]}], "hexpm", "f7ac0e9a92053311dcbc2f26fde9c904015a149139646d75047a64aebd6bce82"},
  "flexto": {:git, "https://github.com/bonfire-networks/flexto", "822b03a8474b2434cfe045b252a34d2eb8217657", [branch: "main"]},
  "floki": {:hex, :floki, "0.32.0", "f915dc15258bc997d49be1f5ef7d3992f8834d6f5695270acad17b41f5bcc8e2", [:mix], [{:html_entities, "~> 0.5.0", [hex: :html_entities, repo: "hexpm", optional: false]}], "hexpm", "1c5a91cae1fd8931c26a4826b5e2372c284813904c8bacb468b5de39c7ececbd"},
  "gen_smtp": {:hex, :gen_smtp, "1.1.1", "bf9303c31735100631b1d708d629e4c65944319d1143b5c9952054f4a1311d85", [:rebar3], [{:hut, "1.3.0", [hex: :hut, repo: "hexpm", optional: false]}, {:ranch, ">= 1.7.0", [hex: :ranch, repo: "hexpm", optional: false]}], "hexpm", "51bc50cc017efd4a4248cbc39ea30fb60efa7d4a49688986fafad84434ff9ab7"},
  "geo": {:hex, :geo, "3.4.3", "0ddf3f681993d32c397e5ef346e7b4b6f36f39ed138502429832fa4000ebb9d5", [:mix], [{:jason, "~> 1.2", [hex: :jason, repo: "hexpm", optional: true]}], "hexpm", "e23f2892e5437ec8b063cee1beccec89c58fd841ae11133304700235feb25552"},
  "geo_postgis": {:hex, :geo_postgis, "3.4.1", "bec349f98a54f7ab7e24ca95f04b99aed9f779eb6adf548416ec9aa10277f732", [:mix], [{:geo, "~> 3.4", [hex: :geo, repo: "hexpm", optional: false]}, {:jason, "~> 1.2", [hex: :jason, repo: "hexpm", optional: true]}, {:poison, "~> 2.2 or ~> 3.0 or ~> 4.0", [hex: :poison, repo: "hexpm", optional: true]}, {:postgrex, ">= 0.0.0", [hex: :postgrex, repo: "hexpm", optional: false]}], "hexpm", "451a20120cb2294d4bd09fdcaa444b610c22950c55d77891dffe2db268040a73"},
  "geocoder": {:hex, :geocoder, "1.1.4", "a550247d4a489019607719b2c25e1b58a9d5cff8279535e65fb12bc86266b12a", [:mix], [{:geohash, "~> 1.2", [hex: :geohash, repo: "hexpm", optional: false]}, {:httpoison, "~> 1.5", [hex: :httpoison, repo: "hexpm", optional: false]}, {:jason, "~> 1.2", [hex: :jason, repo: "hexpm", optional: false]}, {:poolboy, "~> 1.5", [hex: :poolboy, repo: "hexpm", optional: false]}, {:towel, "~> 0.2", [hex: :towel, repo: "hexpm", optional: false]}], "hexpm", "a7b6036b66a8ba906b3e19dea46ac280f18ef45aede31561fc0ba66917684de8"},
  "geohash": {:hex, :geohash, "1.2.2", "4e95a65594afde96ba8c003d43947eb06e97b1a4ad25a21f863922918e3819e8", [:mix], [], "hexpm", "98ed91f7e4682f71a21cb9eeec7ca70e2f578f600c1c9335cc6c55b1b9a30ee2"},
  "gettext": {:hex, :gettext, "0.19.1", "564953fd21f29358e68b91634799d9d26989f8d039d7512622efb3c3b1c97892", [:mix], [], "hexpm", "10c656c0912b8299adba9b061c06947511e3f109ab0d18b44a866a4498e77222"},
  "git_diff": {:hex, :git_diff, "0.6.3", "26fe7799c923fd4ef082efaa4b6725b47a556aa98fddc7b5017509fb4132f963", [:mix], [], "hexpm", "c5d47a956828a916b140d6d6a7f6e26e49d5f243cb5d942452a6a0e73ce2c5c4"},
  "grumble": {:hex, :grumble, "0.1.3", "292603ec5f8ff3f1b364800dd8a060fa30b796bd2cdc9a230ce6a69c00c3226b", [:mix], [{:recase, "~> 0.5", [hex: :recase, repo: "hexpm", optional: false]}], "hexpm", "a7a089e5a145e072d0227012002970e85eeb52031f0d01be14c129f649283d0c"},
  "hackney": {:hex, :hackney, "1.18.1", "f48bf88f521f2a229fc7bae88cf4f85adc9cd9bcf23b5dc8eb6a1788c662c4f6", [:rebar3], [{:certifi, "~>2.9.0", [hex: :certifi, repo: "hexpm", optional: false]}, {:idna, "~>6.1.0", [hex: :idna, repo: "hexpm", optional: false]}, {:metrics, "~>1.0.0", [hex: :metrics, repo: "hexpm", optional: false]}, {:mimerl, "~>1.1", [hex: :mimerl, repo: "hexpm", optional: false]}, {:parse_trans, "3.3.1", [hex: :parse_trans, repo: "hexpm", optional: false]}, {:ssl_verify_fun, "~>1.1.0", [hex: :ssl_verify_fun, repo: "hexpm", optional: false]}, {:unicode_util_compat, "~>0.7.0", [hex: :unicode_util_compat, repo: "hexpm", optional: false]}], "hexpm", "a4ecdaff44297e9b5894ae499e9a070ea1888c84afdd1fd9b7b2bc384950128e"},
  "html_entities": {:hex, :html_entities, "0.5.2", "9e47e70598da7de2a9ff6af8758399251db6dbb7eebe2b013f2bbd2515895c3c", [:mix], [], "hexpm", "c53ba390403485615623b9531e97696f076ed415e8d8058b1dbaa28181f4fdcc"},
  "html_sanitize_ex": {:hex, :html_sanitize_ex, "1.4.2", "c479398b6de798c03eb5d04a0a9a9159d73508f83f6590a00b8eacba3619cf4c", [:mix], [{:mochiweb, "~> 2.15", [hex: :mochiweb, repo: "hexpm", optional: false]}], "hexpm", "aef6c28585d06a9109ad591507e508854c5559561f950bbaea773900dd369b0e"},
  "http_signatures": {:git, "https://git.pleroma.social/pleroma/http_signatures.git", "293d77bb6f4a67ac8bde1428735c3b42f22cbb30", [ref: "293d77bb6f4a67ac8bde1428735c3b42f22cbb30"]},
  "httpoison": {:hex, :httpoison, "1.8.0", "6b85dea15820b7804ef607ff78406ab449dd78bed923a49c7160e1886e987a3d", [:mix], [{:hackney, "~> 1.17", [hex: :hackney, repo: "hexpm", optional: false]}], "hexpm", "28089eaa98cf90c66265b6b5ad87c59a3729bea2e74e9d08f9b51eb9729b3c3a"},
  "hut": {:hex, :hut, "1.3.0", "71f2f054e657c03f959cf1acc43f436ea87580696528ca2a55c8afb1b06c85e7", [:"erlang.mk", :rebar, :rebar3], [], "hexpm", "7e15d28555d8a1f2b5a3a931ec120af0753e4853a4c66053db354f35bf9ab563"},
  "idna": {:hex, :idna, "6.1.1", "8a63070e9f7d0c62eb9d9fcb360a7de382448200fbbd1b106cc96d3d8099df8d", [:rebar3], [{:unicode_util_compat, "~>0.7.0", [hex: :unicode_util_compat, repo: "hexpm", optional: false]}], "hexpm", "92376eb7894412ed19ac475e4a86f7b413c1b9fbb5bd16dccd57934157944cea"},
  "inflex": {:hex, :inflex, "2.1.0", "a365cf0821a9dacb65067abd95008ca1b0bb7dcdd85ae59965deef2aa062924c", [:mix], [], "hexpm", "14c17d05db4ee9b6d319b0bff1bdf22aa389a25398d1952c7a0b5f3d93162dd8"},
  "jason": {:hex, :jason, "1.3.0", "fa6b82a934feb176263ad2df0dbd91bf633d4a46ebfdffea0c8ae82953714946", [:mix], [{:decimal, "~> 1.0 or ~> 2.0", [hex: :decimal, repo: "hexpm", optional: true]}], "hexpm", "53fc1f51255390e0ec7e50f9cb41e751c260d065dcba2bf0d08dc51a4002c2ac"},
  "jumper": {:hex, :jumper, "1.0.1", "3c00542ef1a83532b72269fab9f0f0c82bf23a35e27d278bfd9ed0865cecabff", [:mix], [], "hexpm", "318c59078ac220e966d27af3646026db9b5a5e6703cb2aa3e26bcfaba65b7433"},
  "libgraph": {:hex, :libgraph, "0.13.3", "20732b7bafb933dcf7351c479e03076ebd14a85fd3202c67a1c197f4f7c2466b", [:mix], [], "hexpm", "78f2576eef615440b46f10060b1de1c86640441422832052686df53dc3c148c6"},
  "licensir": {:git, "https://github.com/bonfire-networks/licensir", "75dbbb6dd87bfafba4f52459703bf78f4fe56d8c", [branch: "main"]},
  "linkify": {:git, "https://github.com/bonfire-networks/linkify", "76a4026f73a4593e0ec664d99220bb4e5dea6e34", [branch: "master"]},
  "makeup": {:hex, :makeup, "1.0.5", "d5a830bc42c9800ce07dd97fa94669dfb93d3bf5fcf6ea7a0c67b2e0e4a7f26c", [:mix], [{:nimble_parsec, "~> 0.5 or ~> 1.0", [hex: :nimble_parsec, repo: "hexpm", optional: false]}], "hexpm", "cfa158c02d3f5c0c665d0af11512fed3fba0144cf1aadee0f2ce17747fba2ca9"},
  "makeup_elixir": {:hex, :makeup_elixir, "0.15.2", "dc72dfe17eb240552857465cc00cce390960d9a0c055c4ccd38b70629227e97c", [:mix], [{:makeup, "~> 1.0", [hex: :makeup, repo: "hexpm", optional: false]}, {:nimble_parsec, "~> 1.1", [hex: :nimble_parsec, repo: "hexpm", optional: false]}], "hexpm", "fd23ae48d09b32eff49d4ced2b43c9f086d402ee4fd4fcb2d7fad97fa8823e75"},
  "makeup_erlang": {:hex, :makeup_erlang, "0.1.1", "3fcb7f09eb9d98dc4d208f49cc955a34218fc41ff6b84df7c75b3e6e533cc65f", [:mix], [{:makeup, "~> 1.0", [hex: :makeup, repo: "hexpm", optional: false]}], "hexpm", "174d0809e98a4ef0b3309256cbf97101c6ec01c4ab0b23e926a9e17df2077cbb"},
  "mappable": {:hex, :mappable, "0.2.4", "3038564db78bbde442100d9252aac484be746612bc74b333fbeaeffec8087efa", [:mix], [], "hexpm", "188d9291ca5eec10af61420b6738ef69244b7d7ec6dc98f7f4aa7a4e21f1a8b5"},
  "meck": {:hex, :meck, "0.9.2", "85ccbab053f1db86c7ca240e9fc718170ee5bda03810a6292b5306bf31bae5f5", [:rebar3], [], "hexpm", "81344f561357dc40a8344afa53767c32669153355b626ea9fcbc8da6b3045826"},
  "metrics": {:hex, :metrics, "1.0.1", "25f094dea2cda98213cecc3aeff09e940299d950904393b2a29d191c346a8486", [:rebar3], [], "hexpm", "69b09adddc4f74a40716ae54d140f93beb0fb8978d8636eaded0c31b6f099f16"},
  "mime": {:hex, :mime, "1.6.0", "dabde576a497cef4bbdd60aceee8160e02a6c89250d6c0b29e56c0dfb00db3d2", [:mix], [], "hexpm", "31a1a8613f8321143dde1dafc36006a17d28d02bdfecb9e95a880fa7aabd19a7"},
  "mimerl": {:hex, :mimerl, "1.2.0", "67e2d3f571088d5cfd3e550c383094b47159f3eee8ffa08e64106cdf5e981be3", [:rebar3], [], "hexpm", "f278585650aa581986264638ebf698f8bb19df297f66ad91b18910dfc6e19323"},
  "mimetype_parser": {:hex, :mimetype_parser, "0.1.3", "628ac9fe56aa7edcedb534d68397dd66674ab82493c8ebe39acb9a19b666099d", [:mix], [], "hexpm", "7d8f80c567807ce78cd93c938e7f4b0a20b1aaaaab914bf286f68457d9f7a852"},
  "mix_test_interactive": {:hex, :mix_test_interactive, "1.1.0", "e3e048ea8b56637c8e5614044483e11d78f81f70e9afb811c06ad3db69704c32", [:mix], [{:file_system, "~> 0.2", [hex: :file_system, repo: "hexpm", optional: false]}, {:typed_struct, "~> 0.2.1", [hex: :typed_struct, repo: "hexpm", optional: false]}], "hexpm", "2288a2edc735ca4879a7c17b9fd9fd4b8b84a57a775c3228db4655806a0a4799"},
  "mix_test_watch": {:hex, :mix_test_watch, "1.1.0", "330bb91c8ed271fe408c42d07e0773340a7938d8a0d281d57a14243eae9dc8c3", [:mix], [{:file_system, "~> 0.2.1 or ~> 0.3", [hex: :file_system, repo: "hexpm", optional: false]}], "hexpm", "52b6b1c476cbb70fd899ca5394506482f12e5f6b0d6acff9df95c7f1e0812ec3"},
  "mix_unused": {:hex, :mix_unused, "0.3.0", "fc1dc0d0a677161b80a44fe6cea0e1169a8ed94553a082d916e97c36425a47d9", [:mix], [], "hexpm", "1ab9ea24ac8f150445f42a0b591c9b5835e92e284ab4a6dba58fe31b89ebbd65"},
  "mochiweb": {:hex, :mochiweb, "2.22.0", "f104d6747c01a330c38613561977e565b788b9170055c5241ac9dd6e4617cba5", [:rebar3], [], "hexpm", "cbbd1fd315d283c576d1c8a13e0738f6dafb63dc840611249608697502a07655"},
  "mock": {:hex, :mock, "0.3.7", "75b3bbf1466d7e486ea2052a73c6e062c6256fb429d6797999ab02fa32f29e03", [:mix], [{:meck, "~> 0.9.2", [hex: :meck, repo: "hexpm", optional: false]}], "hexpm", "4da49a4609e41fd99b7836945c26f373623ea968cfb6282742bcb94440cf7e5c"},
  "neuron": {:hex, :neuron, "5.0.0", "64c6b14138e4f6e61a55abb0bb95659aa193145ed9baf80b4e760d4c189f6c6f", [:mix], [{:httpoison, "~> 1.0", [hex: :httpoison, repo: "hexpm", optional: false]}, {:jason, "~> 1.1", [hex: :jason, repo: "hexpm", optional: true]}], "hexpm", "7597308e22e34f77acaadbae3da63974edc9e4041ef7f7154d45ce80c0e33d00"},
  "nimble_parsec": {:hex, :nimble_parsec, "1.2.2", "b99ca56bbce410e9d5ee4f9155a212e942e224e259c7ebbf8f2c86ac21d4fa3c", [:mix], [], "hexpm", "98d51bd64d5f6a2a9c6bb7586ee8129e27dfaab1140b5a4753f24dac0ba27d2f"},
  "nodeinfo": {:git, "https://github.com/bonfire-networks/nodeinfo", "0e9832a28fdf3f0aff46619b14d68221582efce6", [branch: "main"]},
  "oban": {:hex, :oban, "2.8.0", "e44b19a30e30bb983099f55d59749316ff0eaf5dfef4214e1190738176653e50", [:mix], [{:ecto_sql, ">= 3.4.3", [hex: :ecto_sql, repo: "hexpm", optional: false]}, {:jason, "~> 1.1", [hex: :jason, repo: "hexpm", optional: false]}, {:postgrex, "~> 0.14", [hex: :postgrex, repo: "hexpm", optional: false]}, {:telemetry, "~> 0.4", [hex: :telemetry, repo: "hexpm", optional: false]}], "hexpm", "2954a2ac418f7cc4217c0772a3dd3a70e2966240583b97f4126a489e1300a573"},
  "ok": {:hex, :ok, "2.3.0", "0a3d513ec9038504dc5359d44e14fc14ef59179e625563a1a144199cdc3a6d30", [:mix], [], "hexpm", "f0347b3f8f115bf347c704184b33cf084f2943771273f2b98a3707a5fa43c4d5"},
  "paginator": {:git, "https://github.com/bonfire-networks/paginator", "504231b848aa207fc43a740d35aac2f3a4ebb7e5", []},
  "pane": {:hex, :pane, "0.4.1", "ca4275b5799066d52c857e7b0deb2feaba409d607419fe54cde056329d247a89", [:mix], [], "hexpm", "27a292ca86f52d4777422930c17fd4a12eaa930d86a6193665c452f94a04ff8a"},
  "parse_trans": {:hex, :parse_trans, "3.3.1", "16328ab840cc09919bd10dab29e431da3af9e9e7e7e6f0089dd5a2d2820011d8", [:rebar3], [], "hexpm", "07cd9577885f56362d414e8c4c4e6bdf10d43a8767abb92d24cbe8b24c54888b"},
  "pbkdf2_elixir": {:hex, :pbkdf2_elixir, "1.4.2", "776bed93d0b459713c287b4a90baa7bd92b2c70ddf50d98ded5c3edd335e9131", [:mix], [{:comeonin, "~> 5.3", [hex: :comeonin, repo: "hexpm", optional: false]}], "hexpm", "5c8201d8ae29652050119e3f98956dcbfe9ef0084f86985737d0d74d868f17d9"},
  "phil_columns": {:hex, :phil_columns, "3.1.0", "6f517729418019d58f57b405906f9afd9d2d790922d74cb990a81eb50d986a07", [:mix], [{:ecto_sql, "~> 3.0", [hex: :ecto_sql, repo: "hexpm", optional: false]}, {:inflex, "~> 2.0", [hex: :inflex, repo: "hexpm", optional: false]}], "hexpm", "0aa35fa366c4815474f9dd5d2d8edbf71beef0d19f0392bd40184f9edf040768"},
  "phoenix": {:hex, :phoenix, "1.6.6", "281c8ce8dccc9f60607346b72cdfc597c3dde134dd9df28dff08282f0b751754", [:mix], [{:jason, "~> 1.0", [hex: :jason, repo: "hexpm", optional: true]}, {:phoenix_pubsub, "~> 2.0", [hex: :phoenix_pubsub, repo: "hexpm", optional: false]}, {:phoenix_view, "~> 1.0", [hex: :phoenix_view, repo: "hexpm", optional: false]}, {:plug, "~> 1.10", [hex: :plug, repo: "hexpm", optional: false]}, {:plug_cowboy, "~> 2.2", [hex: :plug_cowboy, repo: "hexpm", optional: true]}, {:plug_crypto, "~> 1.2", [hex: :plug_crypto, repo: "hexpm", optional: false]}, {:telemetry, "~> 0.4 or ~> 1.0", [hex: :telemetry, repo: "hexpm", optional: false]}], "hexpm", "807bd646e64cd9dc83db016199715faba72758e6db1de0707eef0a2da4924364"},
  "phoenix_ecto": {:hex, :phoenix_ecto, "4.4.0", "0672ed4e4808b3fbed494dded89958e22fb882de47a97634c0b13e7b0b5f7720", [:mix], [{:ecto, "~> 3.3", [hex: :ecto, repo: "hexpm", optional: false]}, {:phoenix_html, "~> 2.14.2 or ~> 3.0", [hex: :phoenix_html, repo: "hexpm", optional: true]}, {:plug, "~> 1.9", [hex: :plug, repo: "hexpm", optional: false]}], "hexpm", "09864e558ed31ee00bd48fcc1d4fc58ae9678c9e81649075431e69dbabb43cc1"},
  "phoenix_gon": {:git, "https://github.com/bonfire-networks/phoenix_gon", "2b8b3d330ac653751d175286eee6f02cb206f2e4", []},
  "phoenix_html": {:hex, :phoenix_html, "3.2.0", "1c1219d4b6cb22ac72f12f73dc5fad6c7563104d083f711c3fcd8551a1f4ae11", [:mix], [{:plug, "~> 1.5", [hex: :plug, repo: "hexpm", optional: true]}], "hexpm", "36ec97ba56d25c0136ef1992c37957e4246b649d620958a1f9fa86165f8bc54f"},
  "phoenix_live_dashboard": {:hex, :phoenix_live_dashboard, "0.6.5", "1495bb014be12c9a9252eca04b9af54246f6b5c1e4cd1f30210cd00ec540cf8e", [:mix], [{:ecto, "~> 3.6.2 or ~> 3.7", [hex: :ecto, repo: "hexpm", optional: true]}, {:ecto_mysql_extras, "~> 0.3", [hex: :ecto_mysql_extras, repo: "hexpm", optional: true]}, {:ecto_psql_extras, "~> 0.7", [hex: :ecto_psql_extras, repo: "hexpm", optional: true]}, {:mime, "~> 1.6 or ~> 2.0", [hex: :mime, repo: "hexpm", optional: false]}, {:phoenix_live_view, "~> 0.17.7", [hex: :phoenix_live_view, repo: "hexpm", optional: false]}, {:telemetry_metrics, "~> 0.6.0", [hex: :telemetry_metrics, repo: "hexpm", optional: false]}], "hexpm", "ef4fa50dd78364409039c99cf6f98ab5209b4c5f8796c17f4db118324f0db852"},
  "phoenix_live_reload": {:hex, :phoenix_live_reload, "1.3.3", "3a53772a6118d5679bf50fc1670505a290e32a1d195df9e069d8c53ab040c054", [:mix], [{:file_system, "~> 0.2.1 or ~> 0.3", [hex: :file_system, repo: "hexpm", optional: false]}, {:phoenix, "~> 1.4", [hex: :phoenix, repo: "hexpm", optional: false]}], "hexpm", "766796676e5f558dbae5d1bdb066849673e956005e3730dfd5affd7a6da4abac"},
  "phoenix_live_view": {:hex, :phoenix_live_view, "0.17.7", "05a42377075868a678d446361effba80cefef19ab98941c01a7a4c7560b29121", [:mix], [{:jason, "~> 1.0", [hex: :jason, repo: "hexpm", optional: true]}, {:phoenix, "~> 1.5.9 or ~> 1.6.0", [hex: :phoenix, repo: "hexpm", optional: false]}, {:phoenix_html, "~> 3.1", [hex: :phoenix_html, repo: "hexpm", optional: false]}, {:telemetry, "~> 0.4.2 or ~> 1.0", [hex: :telemetry, repo: "hexpm", optional: false]}], "hexpm", "25eaf41028eb351b90d4f69671874643a09944098fefd0d01d442f40a6091b6f"},
  "phoenix_pubsub": {:hex, :phoenix_pubsub, "2.0.0", "a1ae76717bb168cdeb10ec9d92d1480fec99e3080f011402c0a2d68d47395ffb", [:mix], [], "hexpm", "c52d948c4f261577b9c6fa804be91884b381a7f8f18450c5045975435350f771"},
  "phoenix_view": {:hex, :phoenix_view, "1.1.2", "1b82764a065fb41051637872c7bd07ed2fdb6f5c3bd89684d4dca6e10115c95a", [:mix], [{:phoenix_html, "~> 2.14.2 or ~> 3.0", [hex: :phoenix_html, repo: "hexpm", optional: true]}], "hexpm", "7ae90ad27b09091266f6adbb61e1d2516a7c3d7062c6789d46a7554ec40f3a56"},
  "plug": {:hex, :plug, "1.13.3", "93b299039c21a8b82cc904d13812bce4ced45cf69153e8d35ca16ffb3e8c5d98", [:mix], [{:mime, "~> 1.0 or ~> 2.0", [hex: :mime, repo: "hexpm", optional: false]}, {:plug_crypto, "~> 1.1.1 or ~> 1.2", [hex: :plug_crypto, repo: "hexpm", optional: false]}, {:telemetry, "~> 0.4.3 or ~> 1.0", [hex: :telemetry, repo: "hexpm", optional: false]}], "hexpm", "98c8003e4faf7b74a9ac41bee99e328b08f069bf932747d4a7532e97ae837a17"},
  "plug_cowboy": {:hex, :plug_cowboy, "2.5.2", "62894ccd601cf9597e2c23911ff12798a8a18d237e9739f58a6b04e4988899fe", [:mix], [{:cowboy, "~> 2.7", [hex: :cowboy, repo: "hexpm", optional: false]}, {:cowboy_telemetry, "~> 0.3", [hex: :cowboy_telemetry, repo: "hexpm", optional: false]}, {:plug, "~> 1.7", [hex: :plug, repo: "hexpm", optional: false]}], "hexpm", "ea6e87f774c8608d60c8d34022a7d073bd7680a0a013f049fc62bf35efea1044"},
  "plug_crypto": {:hex, :plug_crypto, "1.2.2", "05654514ac717ff3a1843204b424477d9e60c143406aa94daf2274fdd280794d", [:mix], [], "hexpm", "87631c7ad914a5a445f0a3809f99b079113ae4ed4b867348dd9eec288cecb6db"},
  "pointers": {:git, "https://github.com/bonfire-networks/pointers", "9c47dd42cec39b167038a8d99ab4e6d8672a927b", [branch: "main"]},
  "pointers_ulid": {:git, "https://github.com/bonfire-networks/pointers_ulid", "531e908711fd8b5e0ab9e2ff61f88710ade998f4", [branch: "main"]},
  "poolboy": {:hex, :poolboy, "1.5.2", "392b007a1693a64540cead79830443abf5762f5d30cf50bc95cb2c1aaafa006b", [:rebar3], [], "hexpm", "dad79704ce5440f3d5a3681c8590b9dc25d1a561e8f5a9c995281012860901e3"},
  "postgrex": {:hex, :postgrex, "0.16.2", "0f83198d0e73a36e8d716b90f45f3bde75b5eebf4ade4f43fa1f88c90a812f74", [:mix], [{:connection, "~> 1.1", [hex: :connection, repo: "hexpm", optional: false]}, {:db_connection, "~> 2.1", [hex: :db_connection, repo: "hexpm", optional: false]}, {:decimal, "~> 1.5 or ~> 2.0", [hex: :decimal, repo: "hexpm", optional: false]}, {:jason, "~> 1.0", [hex: :jason, repo: "hexpm", optional: true]}], "hexpm", "a9ea589754d9d4d076121090662b7afe155b374897a6550eb288f11d755acfa0"},
  "ranch": {:hex, :ranch, "1.8.0", "8c7a100a139fd57f17327b6413e4167ac559fbc04ca7448e9be9057311597a1d", [:make, :rebar3], [], "hexpm", "49fbcfd3682fab1f5d109351b61257676da1a2fdbe295904176d5e521a2ddfe5"},
  "recase": {:hex, :recase, "0.7.0", "3f2f719f0886c7a3b7fe469058ec539cb7bbe0023604ae3bce920e186305e5ae", [:mix], [], "hexpm", "36f5756a9f552f4a94b54a695870e32f4e72d5fad9c25e61bc4a3151c08a4e0c"},
  "redirect": {:hex, :redirect, "0.3.0", "f24f2cd41ea85d68c99290ef41655dfae06905e1aa96ee9b025b6b58e82a0776", [:mix], [{:phoenix, "~> 1.4", [hex: :phoenix, repo: "hexpm", optional: false]}, {:plug, "~> 1.8.3 or ~> 1.9", [hex: :plug, repo: "hexpm", optional: false]}], "hexpm", "3108e611ded985a88efc37c4f17e543d39606f17271c4c549c38edfde0c0d66e"},
  "scribe": {:hex, :scribe, "0.10.0", "90e61b21fee884f58b955d1f45d7fa3e75f161ecb62bad8af6087aef3955c74f", [:mix], [{:pane, "~> 0.2", [hex: :pane, repo: "hexpm", optional: false]}], "hexpm", "3829da9c6a28b2105f0ec50e40f447bf768fb7d96717fbfceb602573f1a3c62e"},
  "sentry": {:hex, :sentry, "8.0.6", "c8de1bf0523bc120ec37d596c55260901029ecb0994e7075b0973328779ceef7", [:mix], [{:hackney, "~> 1.8", [hex: :hackney, repo: "hexpm", optional: true]}, {:jason, "~> 1.1", [hex: :jason, repo: "hexpm", optional: true]}, {:plug, "~> 1.6", [hex: :plug, repo: "hexpm", optional: true]}, {:plug_cowboy, "~> 2.3", [hex: :plug_cowboy, repo: "hexpm", optional: true]}], "hexpm", "051a2d0472162f3137787c7c9d6e6e4ef239de9329c8c45b1f1bf1e9379e1883"},
  "sleeplocks": {:hex, :sleeplocks, "1.1.1", "3d462a0639a6ef36cc75d6038b7393ae537ab394641beb59830a1b8271faeed3", [:rebar3], [], "hexpm", "84ee37aeff4d0d92b290fff986d6a95ac5eedf9b383fadfd1d88e9b84a1c02e1"},
  "sobelow": {:hex, :sobelow, "0.11.1", "23438964486f8112b41e743bbfd402da3e5b296fdc9eacab29914b79c48916dd", [:mix], [{:jason, "~> 1.0", [hex: :jason, repo: "hexpm", optional: false]}], "hexpm", "9897363a7eff96f4809304a90aad819e2ad5e5d24db547af502885146746a53c"},
  "sourceror": {:hex, :sourceror, "0.10.0", "a6a85d8acc874df59bedb7497374f8f7517e4d54a5805da903ff31aaee14a1a7", [:mix], [], "hexpm", "ddd94d23d96ac949696616eb89cecac977dfed7ecdfac6bbd3f83617e4daea28"},
  "ssl_verify_fun": {:hex, :ssl_verify_fun, "1.1.6", "cf344f5692c82d2cd7554f5ec8fd961548d4fd09e7d22f5b62482e5aeaebd4b0", [:make, :mix, :rebar3], [], "hexpm", "bdb0d2471f453c88ff3908e7686f86f9be327d065cc1ec16fa4540197ea04680"},
  "stream_data": {:hex, :stream_data, "0.5.0", "b27641e58941685c75b353577dc602c9d2c12292dd84babf506c2033cd97893e", [:mix], [], "hexpm", "012bd2eec069ada4db3411f9115ccafa38540a3c78c4c0349f151fc761b9e271"},
  "surface": {:hex, :surface, "0.7.1", "081e94e01d634f19d15ae085eb2c18a85eee245afe85553910e3af83bf1c9463", [:mix], [{:jason, "~> 1.0", [hex: :jason, repo: "hexpm", optional: false]}, {:phoenix_live_view, "~> 0.17.4", [hex: :phoenix_live_view, repo: "hexpm", optional: false]}, {:sourceror, "~> 0.9", [hex: :sourceror, repo: "hexpm", optional: false]}], "hexpm", "16e1d0d5411751ba8fc3a226a274fe6b74130b8d573ad2cbe21057f50dd25a16"},
  "surface_heroicons": {:git, "https://github.com/rocketinsights/surface_heroicons", "741ff5450a6594d7dc579e0c7e901a6dbe29847b", []},
  "table_rex": {:hex, :table_rex, "3.1.1", "0c67164d1714b5e806d5067c1e96ff098ba7ae79413cc075973e17c38a587caa", [:mix], [], "hexpm", "678a23aba4d670419c23c17790f9dcd635a4a89022040df7d5d772cb21012490"},
  "telemetry": {:hex, :telemetry, "1.0.0", "0f453a102cdf13d506b7c0ab158324c337c41f1cc7548f0bc0e130bbf0ae9452", [:rebar3], [], "hexpm", "73bc09fa59b4a0284efb4624335583c528e07ec9ae76aca96ea0673850aec57a"},
  "telemetry_metrics": {:hex, :telemetry_metrics, "0.6.1", "315d9163a1d4660aedc3fee73f33f1d355dcc76c5c3ab3d59e76e3edf80eef1f", [:mix], [{:telemetry, "~> 0.4 or ~> 1.0", [hex: :telemetry, repo: "hexpm", optional: false]}], "hexpm", "7be9e0871c41732c233be71e4be11b96e56177bf15dde64a8ac9ce72ac9834c6"},
  "telemetry_poller": {:hex, :telemetry_poller, "1.0.0", "db91bb424e07f2bb6e73926fcafbfcbcb295f0193e0a00e825e589a0a47e8453", [:rebar3], [{:telemetry, "~> 1.0", [hex: :telemetry, repo: "hexpm", optional: false]}], "hexpm", "b3a24eafd66c3f42da30fc3ca7dda1e9d546c12250a2d60d7b81d264fbec4f6e"},
  "tesla": {:hex, :tesla, "1.4.4", "bb89aa0c9745190930366f6a2ac612cdf2d0e4d7fff449861baa7875afd797b2", [:mix], [{:castore, "~> 0.1", [hex: :castore, repo: "hexpm", optional: true]}, {:exjsx, ">= 3.0.0", [hex: :exjsx, repo: "hexpm", optional: true]}, {:finch, "~> 0.3", [hex: :finch, repo: "hexpm", optional: true]}, {:fuse, "~> 2.4", [hex: :fuse, repo: "hexpm", optional: true]}, {:gun, "~> 1.3", [hex: :gun, repo: "hexpm", optional: true]}, {:hackney, "~> 1.6", [hex: :hackney, repo: "hexpm", optional: true]}, {:ibrowse, "4.4.0", [hex: :ibrowse, repo: "hexpm", optional: true]}, {:jason, ">= 1.0.0", [hex: :jason, repo: "hexpm", optional: true]}, {:mime, "~> 1.0 or ~> 2.0", [hex: :mime, repo: "hexpm", optional: false]}, {:mint, "~> 1.0", [hex: :mint, repo: "hexpm", optional: true]}, {:poison, ">= 1.0.0", [hex: :poison, repo: "hexpm", optional: true]}, {:telemetry, "~> 0.4 or ~> 1.0", [hex: :telemetry, repo: "hexpm", optional: true]}], "hexpm", "d5503a49f9dec1b287567ea8712d085947e247cb11b06bc54adb05bfde466457"},
  "timex": {:hex, :timex, "3.7.6", "502d2347ec550e77fdf419bc12d15bdccd31266bb7d925b30bf478268098282f", [:mix], [{:combine, "~> 0.10", [hex: :combine, repo: "hexpm", optional: false]}, {:gettext, "~> 0.10", [hex: :gettext, repo: "hexpm", optional: false]}, {:tzdata, "~> 1.0", [hex: :tzdata, repo: "hexpm", optional: false]}], "hexpm", "a296327f79cb1ec795b896698c56e662ed7210cc9eb31f0ab365eb3a62e2c589"},
  "towel": {:hex, :towel, "0.2.1", "665485fc8acda2565fd7f79e47008cbc60708bcb573a975575190275fa6db393", [:mix], [], "hexpm", "e7b7c5e7e6d8df9e781e130d1defccc9a27f888f7b95c132d8ccd1d6957d3b7a"},
  "twinkle_star": {:git, "https://github.com/bonfire-networks/twinkle_star", "925c0a5a2442c08cf578927a971b53c9f7c46827", []},
  "typed_struct": {:hex, :typed_struct, "0.2.1", "e1993414c371f09ff25231393b6430bd89d780e2a499ae3b2d2b00852f593d97", [:mix], [], "hexpm", "8f5218c35ec38262f627b2c522542f1eae41f625f92649c0af701a6fab2e11b3"},
  "tzdata": {:hex, :tzdata, "1.1.1", "20c8043476dfda8504952d00adac41c6eda23912278add38edc140ae0c5bcc46", [:mix], [{:hackney, "~> 1.17", [hex: :hackney, repo: "hexpm", optional: false]}], "hexpm", "a69cec8352eafcd2e198dea28a34113b60fdc6cb57eb5ad65c10292a6ba89787"},
  "unicode_util_compat": {:hex, :unicode_util_compat, "0.7.0", "bc84380c9ab48177092f43ac89e4dfa2c6d62b40b8bd132b1059ecc7232f9a78", [:rebar3], [], "hexpm", "25eee6d67df61960cf6a794239566599b09e17e668d3700247bc498638152521"},
  "unsafe": {:hex, :unsafe, "1.0.1", "a27e1874f72ee49312e0a9ec2e0b27924214a05e3ddac90e91727bc76f8613d8", [:mix], [], "hexpm", "6c7729a2d214806450d29766abc2afaa7a2cbecf415be64f36a6691afebb50e5"},
  "verbs": {:git, "https://github.com/shannonwells/verbs_ex", "4b27067385390d4d2063ec1a09f9d96b97ed9a73", []},
  "voodoo": {:git, "https://github.com/bonfire-networks/voodoo", "a1ae5f3afdff7dc3507d160bce55ed9604796c93", [branch: "main"]},
  "waffle": {:hex, :waffle, "1.1.6", "e944b31f8a3f3b15b8ce5c6ca315cecbcbfab354c2bb83f5980c79728cf422c0", [:mix], [{:ex_aws, "~> 2.1", [hex: :ex_aws, repo: "hexpm", optional: true]}, {:ex_aws_s3, "~> 2.1", [hex: :ex_aws_s3, repo: "hexpm", optional: true]}, {:hackney, "~> 1.9", [hex: :hackney, repo: "hexpm", optional: false]}, {:sweet_xml, "~> 0.6", [hex: :sweet_xml, repo: "hexpm", optional: true]}], "hexpm", "deecbf205acc5b6d0bc23d3813fa384486606a50d82b803edbd29e2a46258d4d"},
  "where": {:git, "https://github.com/bonfire-networks/where", "a85ab25018c40846185246b05a0c00c5dce4ff98", [branch: "main"]},
  "zest": {:hex, :zest, "0.1.2", "ddf3a045ee32c6452b8ac050b22da0b2eceae5aaa7d63163fb09e5fbb925fbbe", [:mix], [], "hexpm", "ebe2d6acf615de286e45846a3d6daf72d7c20f2c5eefada6d8a1729256a3974a"},
}
